// !$*UTF8*$!
{
	archiveVersion = 1;
	classes = {
	};
	objectVersion = 46;
	objects = {

/* Begin PBXBuildFile section */
		682619241E7F927F00511248 /* main.c in Sources */ = {isa = PBXBuildFile; fileRef = 682619231E7F927F00511248 /* main.c */; };
		682619311E7F931D00511248 /* main.c in Sources */ = {isa = PBXBuildFile; fileRef = 682619301E7F931D00511248 /* main.c */; };
		6826193C1E7F937100511248 /* main.c in Sources */ = {isa = PBXBuildFile; fileRef = 6826193B1E7F937100511248 /* main.c */; };
		682619471E7F93C600511248 /* main.c in Sources */ = {isa = PBXBuildFile; fileRef = 682619461E7F93C600511248 /* main.c */; };
		682619521E7F941800511248 /* main.c in Sources */ = {isa = PBXBuildFile; fileRef = 682619511E7F941800511248 /* main.c */; };
		6826195D1E7F958500511248 /* main.c in Sources */ = {isa = PBXBuildFile; fileRef = 6826195C1E7F958500511248 /* main.c */; };
		682619681E7FBFFA00511248 /* main.c in Sources */ = {isa = PBXBuildFile; fileRef = 682619671E7FBFFA00511248 /* main.c */; };
		682619B51E810A5200511248 /* main.c in Sources */ = {isa = PBXBuildFile; fileRef = 682619B41E810A5200511248 /* main.c */; };
		68384E7C1E824ADD00E58F68 /* main.c in Sources */ = {isa = PBXBuildFile; fileRef = 68384E7B1E824ADD00E58F68 /* main.c */; };
		68384E871E826C5000E58F68 /* main.c in Sources */ = {isa = PBXBuildFile; fileRef = 68384E861E826C5000E58F68 /* main.c */; };
		68384E9D1E828BD800E58F68 /* main.cpp in Sources */ = {isa = PBXBuildFile; fileRef = 68384E9C1E828BD800E58F68 /* main.cpp */; };
		68EF76071E83B3E500034D30 /* main.c in Sources */ = {isa = PBXBuildFile; fileRef = 68EF76061E83B3E500034D30 /* main.c */; };
		68EF76121E83BC1200034D30 /* main.c in Sources */ = {isa = PBXBuildFile; fileRef = 68EF76111E83BC1200034D30 /* main.c */; };
		68EF76331E84DF5100034D30 /* main.cpp in Sources */ = {isa = PBXBuildFile; fileRef = 68EF76321E84DF5100034D30 /* main.cpp */; };
		68EF763E1E84ED4400034D30 /* main.cpp in Sources */ = {isa = PBXBuildFile; fileRef = 68EF763D1E84ED4400034D30 /* main.cpp */; };
/* End PBXBuildFile section */

/* Begin PBXCopyFilesBuildPhase section */
		6826191E1E7F927F00511248 /* CopyFiles */ = {
			isa = PBXCopyFilesBuildPhase;
			buildActionMask = 2147483647;
			dstPath = /usr/share/man/man1/;
			dstSubfolderSpec = 0;
			files = (
			);
			runOnlyForDeploymentPostprocessing = 1;
		};
		6826192C1E7F931D00511248 /* CopyFiles */ = {
			isa = PBXCopyFilesBuildPhase;
			buildActionMask = 2147483647;
			dstPath = /usr/share/man/man1/;
			dstSubfolderSpec = 0;
			files = (
			);
			runOnlyForDeploymentPostprocessing = 1;
		};
		682619371E7F937100511248 /* CopyFiles */ = {
			isa = PBXCopyFilesBuildPhase;
			buildActionMask = 2147483647;
			dstPath = /usr/share/man/man1/;
			dstSubfolderSpec = 0;
			files = (
			);
			runOnlyForDeploymentPostprocessing = 1;
		};
		682619421E7F93C600511248 /* CopyFiles */ = {
			isa = PBXCopyFilesBuildPhase;
			buildActionMask = 2147483647;
			dstPath = /usr/share/man/man1/;
			dstSubfolderSpec = 0;
			files = (
			);
			runOnlyForDeploymentPostprocessing = 1;
		};
		6826194D1E7F941800511248 /* CopyFiles */ = {
			isa = PBXCopyFilesBuildPhase;
			buildActionMask = 2147483647;
			dstPath = /usr/share/man/man1/;
			dstSubfolderSpec = 0;
			files = (
			);
			runOnlyForDeploymentPostprocessing = 1;
		};
		682619581E7F958500511248 /* CopyFiles */ = {
			isa = PBXCopyFilesBuildPhase;
			buildActionMask = 2147483647;
			dstPath = /usr/share/man/man1/;
			dstSubfolderSpec = 0;
			files = (
			);
			runOnlyForDeploymentPostprocessing = 1;
		};
		682619631E7FBFF900511248 /* CopyFiles */ = {
			isa = PBXCopyFilesBuildPhase;
			buildActionMask = 2147483647;
			dstPath = /usr/share/man/man1/;
			dstSubfolderSpec = 0;
			files = (
			);
			runOnlyForDeploymentPostprocessing = 1;
		};
		682619B01E810A5200511248 /* CopyFiles */ = {
			isa = PBXCopyFilesBuildPhase;
			buildActionMask = 2147483647;
			dstPath = /usr/share/man/man1/;
			dstSubfolderSpec = 0;
			files = (
			);
			runOnlyForDeploymentPostprocessing = 1;
		};
		68384E771E824ADD00E58F68 /* CopyFiles */ = {
			isa = PBXCopyFilesBuildPhase;
			buildActionMask = 2147483647;
			dstPath = /usr/share/man/man1/;
			dstSubfolderSpec = 0;
			files = (
			);
			runOnlyForDeploymentPostprocessing = 1;
		};
		68384E821E826C5000E58F68 /* CopyFiles */ = {
			isa = PBXCopyFilesBuildPhase;
			buildActionMask = 2147483647;
			dstPath = /usr/share/man/man1/;
			dstSubfolderSpec = 0;
			files = (
			);
			runOnlyForDeploymentPostprocessing = 1;
		};
		68384E8D1E828B9500E58F68 /* CopyFiles */ = {
			isa = PBXCopyFilesBuildPhase;
			buildActionMask = 2147483647;
			dstPath = /usr/share/man/man1/;
			dstSubfolderSpec = 0;
			files = (
			);
			runOnlyForDeploymentPostprocessing = 1;
		};
		68384E981E828BD800E58F68 /* CopyFiles */ = {
			isa = PBXCopyFilesBuildPhase;
			buildActionMask = 2147483647;
			dstPath = /usr/share/man/man1/;
			dstSubfolderSpec = 0;
			files = (
			);
			runOnlyForDeploymentPostprocessing = 1;
		};
		68EF76021E83B3E400034D30 /* CopyFiles */ = {
			isa = PBXCopyFilesBuildPhase;
			buildActionMask = 2147483647;
			dstPath = /usr/share/man/man1/;
			dstSubfolderSpec = 0;
			files = (
			);
			runOnlyForDeploymentPostprocessing = 1;
		};
		68EF760D1E83BC1200034D30 /* CopyFiles */ = {
			isa = PBXCopyFilesBuildPhase;
			buildActionMask = 2147483647;
			dstPath = /usr/share/man/man1/;
			dstSubfolderSpec = 0;
			files = (
			);
			runOnlyForDeploymentPostprocessing = 1;
		};
		68EF762E1E84DF5100034D30 /* CopyFiles */ = {
			isa = PBXCopyFilesBuildPhase;
			buildActionMask = 2147483647;
			dstPath = /usr/share/man/man1/;
			dstSubfolderSpec = 0;
			files = (
			);
			runOnlyForDeploymentPostprocessing = 1;
		};
		68EF76391E84ED4400034D30 /* CopyFiles */ = {
			isa = PBXCopyFilesBuildPhase;
			buildActionMask = 2147483647;
			dstPath = /usr/share/man/man1/;
			dstSubfolderSpec = 0;
			files = (
			);
			runOnlyForDeploymentPostprocessing = 1;
		};
/* End PBXCopyFilesBuildPhase section */

/* Begin PBXFileReference section */
		682619201E7F927F00511248 /* algorithmKQYcLanguage */ = {isa = PBXFileReference; explicitFileType = "compiled.mach-o.executable"; includeInIndex = 0; path = algorithmKQYcLanguage; sourceTree = BUILT_PRODUCTS_DIR; };
		682619231E7F927F00511248 /* main.c */ = {isa = PBXFileReference; lastKnownFileType = sourcecode.c.c; path = main.c; sourceTree = "<group>"; };
		6826192E1E7F931D00511248 /* jz15_KthNodeFromEnd_p110 */ = {isa = PBXFileReference; explicitFileType = "compiled.mach-o.executable"; includeInIndex = 0; path = jz15_KthNodeFromEnd_p110; sourceTree = BUILT_PRODUCTS_DIR; };
		682619301E7F931D00511248 /* main.c */ = {isa = PBXFileReference; lastKnownFileType = sourcecode.c.c; path = main.c; sourceTree = "<group>"; };
		682619391E7F937100511248 /* testCreateList */ = {isa = PBXFileReference; explicitFileType = "compiled.mach-o.executable"; includeInIndex = 0; path = testCreateList; sourceTree = BUILT_PRODUCTS_DIR; };
		6826193B1E7F937100511248 /* main.c */ = {isa = PBXFileReference; lastKnownFileType = sourcecode.c.c; path = main.c; sourceTree = "<group>"; };
		682619441E7F93C600511248 /* testCreateList2 */ = {isa = PBXFileReference; explicitFileType = "compiled.mach-o.executable"; includeInIndex = 0; path = testCreateList2; sourceTree = BUILT_PRODUCTS_DIR; };
		682619461E7F93C600511248 /* main.c */ = {isa = PBXFileReference; lastKnownFileType = sourcecode.c.c; path = main.c; sourceTree = "<group>"; };
		6826194F1E7F941800511248 /* jz16_ReverseList_p113 */ = {isa = PBXFileReference; explicitFileType = "compiled.mach-o.executable"; includeInIndex = 0; path = jz16_ReverseList_p113; sourceTree = BUILT_PRODUCTS_DIR; };
		682619511E7F941800511248 /* main.c */ = {isa = PBXFileReference; lastKnownFileType = sourcecode.c.c; path = main.c; sourceTree = "<group>"; };
		6826195A1E7F958500511248 /* jz16_ReverseList_p114 */ = {isa = PBXFileReference; explicitFileType = "compiled.mach-o.executable"; includeInIndex = 0; path = jz16_ReverseList_p114; sourceTree = BUILT_PRODUCTS_DIR; };
		6826195C1E7F958500511248 /* main.c */ = {isa = PBXFileReference; lastKnownFileType = sourcecode.c.c; path = main.c; sourceTree = "<group>"; };
		682619651E7FBFF900511248 /* jz16_ReverseList_p115 */ = {isa = PBXFileReference; explicitFileType = "compiled.mach-o.executable"; includeInIndex = 0; path = jz16_ReverseList_p115; sourceTree = BUILT_PRODUCTS_DIR; };
		682619671E7FBFFA00511248 /* main.c */ = {isa = PBXFileReference; lastKnownFileType = sourcecode.c.c; path = main.c; sourceTree = "<group>"; };
		682619B21E810A5200511248 /* jz03_FindInParticallySoftedMatrix_p38 */ = {isa = PBXFileReference; explicitFileType = "compiled.mach-o.executable"; includeInIndex = 0; path = jz03_FindInParticallySoftedMatrix_p38; sourceTree = BUILT_PRODUCTS_DIR; };
		682619B41E810A5200511248 /* main.c */ = {isa = PBXFileReference; lastKnownFileType = sourcecode.c.c; path = main.c; sourceTree = "<group>"; };
		68384E791E824ADD00E58F68 /* jz04_ReplaceBlank_p45 */ = {isa = PBXFileReference; explicitFileType = "compiled.mach-o.executable"; includeInIndex = 0; path = jz04_ReplaceBlank_p45; sourceTree = BUILT_PRODUCTS_DIR; };
		68384E7B1E824ADD00E58F68 /* main.c */ = {isa = PBXFileReference; lastKnownFileType = sourcecode.c.c; path = main.c; sourceTree = "<group>"; };
		68384E841E826C5000E58F68 /* jz04_ReplaceBlank_p46 */ = {isa = PBXFileReference; explicitFileType = "compiled.mach-o.executable"; includeInIndex = 0; path = jz04_ReplaceBlank_p46; sourceTree = BUILT_PRODUCTS_DIR; };
		68384E861E826C5000E58F68 /* main.c */ = {isa = PBXFileReference; lastKnownFileType = sourcecode.c.c; path = main.c; sourceTree = "<group>"; };
		68384E8F1E828B9500E58F68 /* jz05_reverseList_p51 */ = {isa = PBXFileReference; explicitFileType = "compiled.mach-o.executable"; includeInIndex = 0; path = jz05_reverseList_p51; sourceTree = BUILT_PRODUCTS_DIR; };
		68384E9A1E828BD800E58F68 /* jz05_reverseList_p52 */ = {isa = PBXFileReference; explicitFileType = "compiled.mach-o.executable"; includeInIndex = 0; path = jz05_reverseList_p52; sourceTree = BUILT_PRODUCTS_DIR; };
		68384E9C1E828BD800E58F68 /* main.cpp */ = {isa = PBXFileReference; lastKnownFileType = sourcecode.cpp.cpp; path = main.cpp; sourceTree = "<group>"; };
		68EF76041E83B3E400034D30 /* alg_BinarySearch223wd */ = {isa = PBXFileReference; explicitFileType = "compiled.mach-o.executable"; includeInIndex = 0; path = alg_BinarySearch223wd; sourceTree = BUILT_PRODUCTS_DIR; };
		68EF76061E83B3E500034D30 /* main.c */ = {isa = PBXFileReference; lastKnownFileType = sourcecode.c.c; path = main.c; sourceTree = "<group>"; };
		68EF760F1E83BC1200034D30 /* jz08_MinNumberInRotatedArray */ = {isa = PBXFileReference; explicitFileType = "compiled.mach-o.executable"; includeInIndex = 0; path = jz08_MinNumberInRotatedArray; sourceTree = BUILT_PRODUCTS_DIR; };
		68EF76111E83BC1200034D30 /* main.c */ = {isa = PBXFileReference; lastKnownFileType = sourcecode.c.c; path = main.c; sourceTree = "<group>"; };
		68EF76301E84DF5100034D30 /* jz09_reverseAdd_p71 */ = {isa = PBXFileReference; explicitFileType = "compiled.mach-o.executable"; includeInIndex = 0; path = jz09_reverseAdd_p71; sourceTree = BUILT_PRODUCTS_DIR; };
		68EF76321E84DF5100034D30 /* main.cpp */ = {isa = PBXFileReference; lastKnownFileType = sourcecode.cpp.cpp; path = main.cpp; sourceTree = "<group>"; };
		68EF763B1E84ED4400034D30 /* jz09_Fibonacci_p72 */ = {isa = PBXFileReference; explicitFileType = "compiled.mach-o.executable"; includeInIndex = 0; path = jz09_Fibonacci_p72; sourceTree = BUILT_PRODUCTS_DIR; };
		68EF763D1E84ED4400034D30 /* main.cpp */ = {isa = PBXFileReference; lastKnownFileType = sourcecode.cpp.cpp; path = main.cpp; sourceTree = "<group>"; };
/* End PBXFileReference section */

/* Begin PBXFrameworksBuildPhase section */
		6826191D1E7F927F00511248 /* Frameworks */ = {
			isa = PBXFrameworksBuildPhase;
			buildActionMask = 2147483647;
			files = (
			);
			runOnlyForDeploymentPostprocessing = 0;
		};
		6826192B1E7F931D00511248 /* Frameworks */ = {
			isa = PBXFrameworksBuildPhase;
			buildActionMask = 2147483647;
			files = (
			);
			runOnlyForDeploymentPostprocessing = 0;
		};
		682619361E7F937100511248 /* Frameworks */ = {
			isa = PBXFrameworksBuildPhase;
			buildActionMask = 2147483647;
			files = (
			);
			runOnlyForDeploymentPostprocessing = 0;
		};
		682619411E7F93C600511248 /* Frameworks */ = {
			isa = PBXFrameworksBuildPhase;
			buildActionMask = 2147483647;
			files = (
			);
			runOnlyForDeploymentPostprocessing = 0;
		};
		6826194C1E7F941800511248 /* Frameworks */ = {
			isa = PBXFrameworksBuildPhase;
			buildActionMask = 2147483647;
			files = (
			);
			runOnlyForDeploymentPostprocessing = 0;
		};
		682619571E7F958500511248 /* Frameworks */ = {
			isa = PBXFrameworksBuildPhase;
			buildActionMask = 2147483647;
			files = (
			);
			runOnlyForDeploymentPostprocessing = 0;
		};
		682619621E7FBFF900511248 /* Frameworks */ = {
			isa = PBXFrameworksBuildPhase;
			buildActionMask = 2147483647;
			files = (
			);
			runOnlyForDeploymentPostprocessing = 0;
		};
		682619AF1E810A5200511248 /* Frameworks */ = {
			isa = PBXFrameworksBuildPhase;
			buildActionMask = 2147483647;
			files = (
			);
			runOnlyForDeploymentPostprocessing = 0;
		};
		68384E761E824ADD00E58F68 /* Frameworks */ = {
			isa = PBXFrameworksBuildPhase;
			buildActionMask = 2147483647;
			files = (
			);
			runOnlyForDeploymentPostprocessing = 0;
		};
		68384E811E826C5000E58F68 /* Frameworks */ = {
			isa = PBXFrameworksBuildPhase;
			buildActionMask = 2147483647;
			files = (
			);
			runOnlyForDeploymentPostprocessing = 0;
		};
		68384E8C1E828B9500E58F68 /* Frameworks */ = {
			isa = PBXFrameworksBuildPhase;
			buildActionMask = 2147483647;
			files = (
			);
			runOnlyForDeploymentPostprocessing = 0;
		};
		68384E971E828BD800E58F68 /* Frameworks */ = {
			isa = PBXFrameworksBuildPhase;
			buildActionMask = 2147483647;
			files = (
			);
			runOnlyForDeploymentPostprocessing = 0;
		};
		68EF76011E83B3E400034D30 /* Frameworks */ = {
			isa = PBXFrameworksBuildPhase;
			buildActionMask = 2147483647;
			files = (
			);
			runOnlyForDeploymentPostprocessing = 0;
		};
		68EF760C1E83BC1200034D30 /* Frameworks */ = {
			isa = PBXFrameworksBuildPhase;
			buildActionMask = 2147483647;
			files = (
			);
			runOnlyForDeploymentPostprocessing = 0;
		};
		68EF762D1E84DF5100034D30 /* Frameworks */ = {
			isa = PBXFrameworksBuildPhase;
			buildActionMask = 2147483647;
			files = (
			);
			runOnlyForDeploymentPostprocessing = 0;
		};
		68EF76381E84ED4400034D30 /* Frameworks */ = {
			isa = PBXFrameworksBuildPhase;
			buildActionMask = 2147483647;
			files = (
			);
			runOnlyForDeploymentPostprocessing = 0;
		};
/* End PBXFrameworksBuildPhase section */

/* Begin PBXGroup section */
		682619171E7F927E00511248 = {
			isa = PBXGroup;
			children = (
				682619221E7F927F00511248 /* algorithmKQYcLanguage */,
				6826193A1E7F937100511248 /* testCreateList */,
				6826192F1E7F931D00511248 /* jz15_KthNodeFromEnd_p110 */,
				682619451E7F93C600511248 /* testCreateList2 */,
				682619501E7F941800511248 /* jz16_ReverseList_p113 */,
				6826195B1E7F958500511248 /* jz16_ReverseList_p114 */,
				682619661E7FBFFA00511248 /* jz16_ReverseList_p115 */,
				682619B31E810A5200511248 /* jz03_FindInParticallySoftedMatrix_p38 */,
				68384E7A1E824ADD00E58F68 /* jz04_ReplaceBlank_p45 */,
				68384E851E826C5000E58F68 /* jz04_ReplaceBlank_p46 */,
				68384E9B1E828BD800E58F68 /* jz05_reverseList_p52 */,
				68EF76051E83B3E400034D30 /* alg_BinarySearch223wd */,
				68EF76101E83BC1200034D30 /* jz08_MinNumberInRotatedArray */,
				68EF76311E84DF5100034D30 /* jz09_reverseAdd_p71 */,
				68EF763C1E84ED4400034D30 /* jz09_Fibonacci_p72 */,
				682619211E7F927F00511248 /* Products */,
			);
			sourceTree = "<group>";
		};
		682619211E7F927F00511248 /* Products */ = {
			isa = PBXGroup;
			children = (
				682619201E7F927F00511248 /* algorithmKQYcLanguage */,
				6826192E1E7F931D00511248 /* jz15_KthNodeFromEnd_p110 */,
				682619391E7F937100511248 /* testCreateList */,
				682619441E7F93C600511248 /* testCreateList2 */,
				6826194F1E7F941800511248 /* jz16_ReverseList_p113 */,
				6826195A1E7F958500511248 /* jz16_ReverseList_p114 */,
				682619651E7FBFF900511248 /* jz16_ReverseList_p115 */,
				682619B21E810A5200511248 /* jz03_FindInParticallySoftedMatrix_p38 */,
				68384E791E824ADD00E58F68 /* jz04_ReplaceBlank_p45 */,
				68384E841E826C5000E58F68 /* jz04_ReplaceBlank_p46 */,
				68384E8F1E828B9500E58F68 /* jz05_reverseList_p51 */,
				68384E9A1E828BD800E58F68 /* jz05_reverseList_p52 */,
				68EF76041E83B3E400034D30 /* alg_BinarySearch223wd */,
				68EF760F1E83BC1200034D30 /* jz08_MinNumberInRotatedArray */,
				68EF76301E84DF5100034D30 /* jz09_reverseAdd_p71 */,
				68EF763B1E84ED4400034D30 /* jz09_Fibonacci_p72 */,
			);
			name = Products;
			sourceTree = "<group>";
		};
		682619221E7F927F00511248 /* algorithmKQYcLanguage */ = {
			isa = PBXGroup;
			children = (
				682619231E7F927F00511248 /* main.c */,
			);
			path = algorithmKQYcLanguage;
			sourceTree = "<group>";
		};
		6826192F1E7F931D00511248 /* jz15_KthNodeFromEnd_p110 */ = {
			isa = PBXGroup;
			children = (
				682619301E7F931D00511248 /* main.c */,
			);
			path = jz15_KthNodeFromEnd_p110;
			sourceTree = "<group>";
		};
		6826193A1E7F937100511248 /* testCreateList */ = {
			isa = PBXGroup;
			children = (
				6826193B1E7F937100511248 /* main.c */,
			);
			path = testCreateList;
			sourceTree = "<group>";
		};
		682619451E7F93C600511248 /* testCreateList2 */ = {
			isa = PBXGroup;
			children = (
				682619461E7F93C600511248 /* main.c */,
			);
			path = testCreateList2;
			sourceTree = "<group>";
		};
		682619501E7F941800511248 /* jz16_ReverseList_p113 */ = {
			isa = PBXGroup;
			children = (
				682619511E7F941800511248 /* main.c */,
			);
			path = jz16_ReverseList_p113;
			sourceTree = "<group>";
		};
		6826195B1E7F958500511248 /* jz16_ReverseList_p114 */ = {
			isa = PBXGroup;
			children = (
				6826195C1E7F958500511248 /* main.c */,
			);
			path = jz16_ReverseList_p114;
			sourceTree = "<group>";
		};
		682619661E7FBFFA00511248 /* jz16_ReverseList_p115 */ = {
			isa = PBXGroup;
			children = (
				682619671E7FBFFA00511248 /* main.c */,
			);
			path = jz16_ReverseList_p115;
			sourceTree = "<group>";
		};
		682619B31E810A5200511248 /* jz03_FindInParticallySoftedMatrix_p38 */ = {
			isa = PBXGroup;
			children = (
				682619B41E810A5200511248 /* main.c */,
			);
			path = jz03_FindInParticallySoftedMatrix_p38;
			sourceTree = "<group>";
		};
		68384E7A1E824ADD00E58F68 /* jz04_ReplaceBlank_p45 */ = {
			isa = PBXGroup;
			children = (
				68384E7B1E824ADD00E58F68 /* main.c */,
			);
			path = jz04_ReplaceBlank_p45;
			sourceTree = "<group>";
		};
		68384E851E826C5000E58F68 /* jz04_ReplaceBlank_p46 */ = {
			isa = PBXGroup;
			children = (
				68384E861E826C5000E58F68 /* main.c */,
			);
			path = jz04_ReplaceBlank_p46;
			sourceTree = "<group>";
		};
		68384E9B1E828BD800E58F68 /* jz05_reverseList_p52 */ = {
			isa = PBXGroup;
			children = (
				68384E9C1E828BD800E58F68 /* main.cpp */,
			);
			path = jz05_reverseList_p52;
			sourceTree = "<group>";
		};
		68EF76051E83B3E400034D30 /* alg_BinarySearch223wd */ = {
			isa = PBXGroup;
			children = (
				68EF76061E83B3E500034D30 /* main.c */,
			);
			path = alg_BinarySearch223wd;
			sourceTree = "<group>";
		};
		68EF76101E83BC1200034D30 /* jz08_MinNumberInRotatedArray */ = {
			isa = PBXGroup;
			children = (
				68EF76111E83BC1200034D30 /* main.c */,
			);
			path = jz08_MinNumberInRotatedArray;
			sourceTree = "<group>";
		};
		68EF76311E84DF5100034D30 /* jz09_reverseAdd_p71 */ = {
			isa = PBXGroup;
			children = (
				68EF76321E84DF5100034D30 /* main.cpp */,
			);
			path = jz09_reverseAdd_p71;
			sourceTree = "<group>";
		};
		68EF763C1E84ED4400034D30 /* jz09_Fibonacci_p72 */ = {
			isa = PBXGroup;
			children = (
				68EF763D1E84ED4400034D30 /* main.cpp */,
			);
			path = jz09_Fibonacci_p72;
			sourceTree = "<group>";
		};
/* End PBXGroup section */

/* Begin PBXNativeTarget section */
		6826191F1E7F927F00511248 /* algorithmKQYcLanguage */ = {
			isa = PBXNativeTarget;
			buildConfigurationList = 682619271E7F927F00511248 /* Build configuration list for PBXNativeTarget "algorithmKQYcLanguage" */;
			buildPhases = (
				6826191C1E7F927F00511248 /* Sources */,
				6826191D1E7F927F00511248 /* Frameworks */,
				6826191E1E7F927F00511248 /* CopyFiles */,
			);
			buildRules = (
			);
			dependencies = (
			);
			name = algorithmKQYcLanguage;
			productName = algorithmKQYcLanguage;
			productReference = 682619201E7F927F00511248 /* algorithmKQYcLanguage */;
			productType = "com.apple.product-type.tool";
		};
		6826192D1E7F931D00511248 /* jz15_KthNodeFromEnd_p110 */ = {
			isa = PBXNativeTarget;
			buildConfigurationList = 682619321E7F931D00511248 /* Build configuration list for PBXNativeTarget "jz15_KthNodeFromEnd_p110" */;
			buildPhases = (
				6826192A1E7F931D00511248 /* Sources */,
				6826192B1E7F931D00511248 /* Frameworks */,
				6826192C1E7F931D00511248 /* CopyFiles */,
			);
			buildRules = (
			);
			dependencies = (
			);
			name = jz15_KthNodeFromEnd_p110;
			productName = jz15_KthNodeFromEnd_p110;
			productReference = 6826192E1E7F931D00511248 /* jz15_KthNodeFromEnd_p110 */;
			productType = "com.apple.product-type.tool";
		};
		682619381E7F937100511248 /* testCreateList */ = {
			isa = PBXNativeTarget;
			buildConfigurationList = 6826193D1E7F937100511248 /* Build configuration list for PBXNativeTarget "testCreateList" */;
			buildPhases = (
				682619351E7F937100511248 /* Sources */,
				682619361E7F937100511248 /* Frameworks */,
				682619371E7F937100511248 /* CopyFiles */,
			);
			buildRules = (
			);
			dependencies = (
			);
			name = testCreateList;
			productName = testCreateList;
			productReference = 682619391E7F937100511248 /* testCreateList */;
			productType = "com.apple.product-type.tool";
		};
		682619431E7F93C600511248 /* testCreateList2 */ = {
			isa = PBXNativeTarget;
			buildConfigurationList = 682619481E7F93C600511248 /* Build configuration list for PBXNativeTarget "testCreateList2" */;
			buildPhases = (
				682619401E7F93C600511248 /* Sources */,
				682619411E7F93C600511248 /* Frameworks */,
				682619421E7F93C600511248 /* CopyFiles */,
			);
			buildRules = (
			);
			dependencies = (
			);
			name = testCreateList2;
			productName = testCreateList2;
			productReference = 682619441E7F93C600511248 /* testCreateList2 */;
			productType = "com.apple.product-type.tool";
		};
		6826194E1E7F941800511248 /* jz16_ReverseList_p113 */ = {
			isa = PBXNativeTarget;
			buildConfigurationList = 682619531E7F941800511248 /* Build configuration list for PBXNativeTarget "jz16_ReverseList_p113" */;
			buildPhases = (
				6826194B1E7F941800511248 /* Sources */,
				6826194C1E7F941800511248 /* Frameworks */,
				6826194D1E7F941800511248 /* CopyFiles */,
			);
			buildRules = (
			);
			dependencies = (
			);
			name = jz16_ReverseList_p113;
			productName = jz16_ReverseList_p113;
			productReference = 6826194F1E7F941800511248 /* jz16_ReverseList_p113 */;
			productType = "com.apple.product-type.tool";
		};
		682619591E7F958500511248 /* jz16_ReverseList_p114 */ = {
			isa = PBXNativeTarget;
			buildConfigurationList = 6826195E1E7F958500511248 /* Build configuration list for PBXNativeTarget "jz16_ReverseList_p114" */;
			buildPhases = (
				682619561E7F958500511248 /* Sources */,
				682619571E7F958500511248 /* Frameworks */,
				682619581E7F958500511248 /* CopyFiles */,
			);
			buildRules = (
			);
			dependencies = (
			);
			name = jz16_ReverseList_p114;
			productName = jz16_ReverseList_p114;
			productReference = 6826195A1E7F958500511248 /* jz16_ReverseList_p114 */;
			productType = "com.apple.product-type.tool";
		};
		682619641E7FBFF900511248 /* jz16_ReverseList_p115 */ = {
			isa = PBXNativeTarget;
			buildConfigurationList = 682619691E7FBFFA00511248 /* Build configuration list for PBXNativeTarget "jz16_ReverseList_p115" */;
			buildPhases = (
				682619611E7FBFF900511248 /* Sources */,
				682619621E7FBFF900511248 /* Frameworks */,
				682619631E7FBFF900511248 /* CopyFiles */,
			);
			buildRules = (
			);
			dependencies = (
			);
			name = jz16_ReverseList_p115;
			productName = jz16_ReverseList_p115;
			productReference = 682619651E7FBFF900511248 /* jz16_ReverseList_p115 */;
			productType = "com.apple.product-type.tool";
		};
		682619B11E810A5200511248 /* jz03_FindInParticallySoftedMatrix_p38 */ = {
			isa = PBXNativeTarget;
			buildConfigurationList = 682619B61E810A5200511248 /* Build configuration list for PBXNativeTarget "jz03_FindInParticallySoftedMatrix_p38" */;
			buildPhases = (
				682619AE1E810A5200511248 /* Sources */,
				682619AF1E810A5200511248 /* Frameworks */,
				682619B01E810A5200511248 /* CopyFiles */,
			);
			buildRules = (
			);
			dependencies = (
			);
			name = jz03_FindInParticallySoftedMatrix_p38;
			productName = jz03_FindInParticallySoftedMatrix_p38;
			productReference = 682619B21E810A5200511248 /* jz03_FindInParticallySoftedMatrix_p38 */;
			productType = "com.apple.product-type.tool";
		};
		68384E781E824ADD00E58F68 /* jz04_ReplaceBlank_p45 */ = {
			isa = PBXNativeTarget;
			buildConfigurationList = 68384E7F1E824ADD00E58F68 /* Build configuration list for PBXNativeTarget "jz04_ReplaceBlank_p45" */;
			buildPhases = (
				68384E751E824ADD00E58F68 /* Sources */,
				68384E761E824ADD00E58F68 /* Frameworks */,
				68384E771E824ADD00E58F68 /* CopyFiles */,
			);
			buildRules = (
			);
			dependencies = (
			);
			name = jz04_ReplaceBlank_p45;
			productName = jz04_ReplaceBlank_p45;
			productReference = 68384E791E824ADD00E58F68 /* jz04_ReplaceBlank_p45 */;
			productType = "com.apple.product-type.tool";
		};
		68384E831E826C5000E58F68 /* jz04_ReplaceBlank_p46 */ = {
			isa = PBXNativeTarget;
			buildConfigurationList = 68384E881E826C5000E58F68 /* Build configuration list for PBXNativeTarget "jz04_ReplaceBlank_p46" */;
			buildPhases = (
				68384E801E826C5000E58F68 /* Sources */,
				68384E811E826C5000E58F68 /* Frameworks */,
				68384E821E826C5000E58F68 /* CopyFiles */,
			);
			buildRules = (
			);
			dependencies = (
			);
			name = jz04_ReplaceBlank_p46;
			productName = jz04_ReplaceBlank_p46;
			productReference = 68384E841E826C5000E58F68 /* jz04_ReplaceBlank_p46 */;
			productType = "com.apple.product-type.tool";
		};
		68384E8E1E828B9500E58F68 /* jz05_reverseList_p51 */ = {
			isa = PBXNativeTarget;
			buildConfigurationList = 68384E931E828B9500E58F68 /* Build configuration list for PBXNativeTarget "jz05_reverseList_p51" */;
			buildPhases = (
				68384E8B1E828B9500E58F68 /* Sources */,
				68384E8C1E828B9500E58F68 /* Frameworks */,
				68384E8D1E828B9500E58F68 /* CopyFiles */,
			);
			buildRules = (
			);
			dependencies = (
			);
			name = jz05_reverseList_p51;
			productName = jz05_reverseList_p51;
			productReference = 68384E8F1E828B9500E58F68 /* jz05_reverseList_p51 */;
			productType = "com.apple.product-type.tool";
		};
		68384E991E828BD800E58F68 /* jz05_reverseList_p52 */ = {
			isa = PBXNativeTarget;
			buildConfigurationList = 68384E9E1E828BD800E58F68 /* Build configuration list for PBXNativeTarget "jz05_reverseList_p52" */;
			buildPhases = (
				68384E961E828BD800E58F68 /* Sources */,
				68384E971E828BD800E58F68 /* Frameworks */,
				68384E981E828BD800E58F68 /* CopyFiles */,
			);
			buildRules = (
			);
			dependencies = (
			);
			name = jz05_reverseList_p52;
			productName = jz05_reverseList_p52;
			productReference = 68384E9A1E828BD800E58F68 /* jz05_reverseList_p52 */;
			productType = "com.apple.product-type.tool";
		};
		68EF76031E83B3E400034D30 /* alg_BinarySearch223wd */ = {
			isa = PBXNativeTarget;
			buildConfigurationList = 68EF760A1E83B3E500034D30 /* Build configuration list for PBXNativeTarget "alg_BinarySearch223wd" */;
			buildPhases = (
				68EF76001E83B3E400034D30 /* Sources */,
				68EF76011E83B3E400034D30 /* Frameworks */,
				68EF76021E83B3E400034D30 /* CopyFiles */,
			);
			buildRules = (
			);
			dependencies = (
			);
			name = alg_BinarySearch223wd;
			productName = alg_BinarySearch223wd;
			productReference = 68EF76041E83B3E400034D30 /* alg_BinarySearch223wd */;
			productType = "com.apple.product-type.tool";
		};
		68EF760E1E83BC1200034D30 /* jz08_MinNumberInRotatedArray */ = {
			isa = PBXNativeTarget;
			buildConfigurationList = 68EF76131E83BC1200034D30 /* Build configuration list for PBXNativeTarget "jz08_MinNumberInRotatedArray" */;
			buildPhases = (
				68EF760B1E83BC1200034D30 /* Sources */,
				68EF760C1E83BC1200034D30 /* Frameworks */,
				68EF760D1E83BC1200034D30 /* CopyFiles */,
			);
			buildRules = (
			);
			dependencies = (
			);
			name = jz08_MinNumberInRotatedArray;
			productName = jz08_MinNumberInRotatedArray;
			productReference = 68EF760F1E83BC1200034D30 /* jz08_MinNumberInRotatedArray */;
			productType = "com.apple.product-type.tool";
		};
		68EF762F1E84DF5100034D30 /* jz09_reverseAdd_p71 */ = {
			isa = PBXNativeTarget;
			buildConfigurationList = 68EF76341E84DF5100034D30 /* Build configuration list for PBXNativeTarget "jz09_reverseAdd_p71" */;
			buildPhases = (
				68EF762C1E84DF5100034D30 /* Sources */,
				68EF762D1E84DF5100034D30 /* Frameworks */,
				68EF762E1E84DF5100034D30 /* CopyFiles */,
			);
			buildRules = (
			);
			dependencies = (
			);
			name = jz09_reverseAdd_p71;
			productName = jz09_reverseAdd_p71;
			productReference = 68EF76301E84DF5100034D30 /* jz09_reverseAdd_p71 */;
			productType = "com.apple.product-type.tool";
		};
		68EF763A1E84ED4400034D30 /* jz09_Fibonacci_p72 */ = {
			isa = PBXNativeTarget;
			buildConfigurationList = 68EF763F1E84ED4400034D30 /* Build configuration list for PBXNativeTarget "jz09_Fibonacci_p72" */;
			buildPhases = (
				68EF76371E84ED4400034D30 /* Sources */,
				68EF76381E84ED4400034D30 /* Frameworks */,
				68EF76391E84ED4400034D30 /* CopyFiles */,
			);
			buildRules = (
			);
			dependencies = (
			);
			name = jz09_Fibonacci_p72;
			productName = jz09_Fibonacci_p72;
			productReference = 68EF763B1E84ED4400034D30 /* jz09_Fibonacci_p72 */;
			productType = "com.apple.product-type.tool";
		};
/* End PBXNativeTarget section */

/* Begin PBXProject section */
		682619181E7F927E00511248 /* Project object */ = {
			isa = PBXProject;
			attributes = {
				LastUpgradeCheck = 0820;
				ORGANIZATIONNAME = KQY;
				TargetAttributes = {
					6826191F1E7F927F00511248 = {
						CreatedOnToolsVersion = 8.2.1;
						ProvisioningStyle = Automatic;
					};
					6826192D1E7F931D00511248 = {
						CreatedOnToolsVersion = 8.2.1;
						ProvisioningStyle = Automatic;
					};
					682619381E7F937100511248 = {
						CreatedOnToolsVersion = 8.2.1;
						ProvisioningStyle = Automatic;
					};
					682619431E7F93C600511248 = {
						CreatedOnToolsVersion = 8.2.1;
						ProvisioningStyle = Automatic;
					};
					6826194E1E7F941800511248 = {
						CreatedOnToolsVersion = 8.2.1;
						ProvisioningStyle = Automatic;
					};
					682619591E7F958500511248 = {
						CreatedOnToolsVersion = 8.2.1;
						ProvisioningStyle = Automatic;
					};
					682619641E7FBFF900511248 = {
						CreatedOnToolsVersion = 8.2.1;
						ProvisioningStyle = Automatic;
					};
					682619B11E810A5200511248 = {
						CreatedOnToolsVersion = 8.2.1;
						ProvisioningStyle = Automatic;
					};
					68384E781E824ADD00E58F68 = {
						CreatedOnToolsVersion = 8.2.1;
						ProvisioningStyle = Automatic;
					};
					68384E831E826C5000E58F68 = {
						CreatedOnToolsVersion = 8.2.1;
						ProvisioningStyle = Automatic;
					};
					68384E8E1E828B9500E58F68 = {
						CreatedOnToolsVersion = 8.2.1;
						ProvisioningStyle = Automatic;
					};
					68384E991E828BD800E58F68 = {
						CreatedOnToolsVersion = 8.2.1;
						ProvisioningStyle = Automatic;
					};
					68EF76031E83B3E400034D30 = {
						CreatedOnToolsVersion = 8.2.1;
						ProvisioningStyle = Automatic;
					};
					68EF760E1E83BC1200034D30 = {
						CreatedOnToolsVersion = 8.2.1;
						ProvisioningStyle = Automatic;
					};
					68EF762F1E84DF5100034D30 = {
						CreatedOnToolsVersion = 8.2.1;
						ProvisioningStyle = Automatic;
					};
					68EF763A1E84ED4400034D30 = {
						CreatedOnToolsVersion = 8.2.1;
						ProvisioningStyle = Automatic;
					};
				};
			};
			buildConfigurationList = 6826191B1E7F927E00511248 /* Build configuration list for PBXProject "algorithmKQYcLanguage" */;
			compatibilityVersion = "Xcode 3.2";
			developmentRegion = English;
			hasScannedForEncodings = 0;
			knownRegions = (
				en,
			);
			mainGroup = 682619171E7F927E00511248;
			productRefGroup = 682619211E7F927F00511248 /* Products */;
			projectDirPath = "";
			projectRoot = "";
			targets = (
				6826191F1E7F927F00511248 /* algorithmKQYcLanguage */,
				682619381E7F937100511248 /* testCreateList */,
				6826192D1E7F931D00511248 /* jz15_KthNodeFromEnd_p110 */,
				682619431E7F93C600511248 /* testCreateList2 */,
				6826194E1E7F941800511248 /* jz16_ReverseList_p113 */,
				682619591E7F958500511248 /* jz16_ReverseList_p114 */,
				682619641E7FBFF900511248 /* jz16_ReverseList_p115 */,
				682619B11E810A5200511248 /* jz03_FindInParticallySoftedMatrix_p38 */,
				68384E781E824ADD00E58F68 /* jz04_ReplaceBlank_p45 */,
				68384E831E826C5000E58F68 /* jz04_ReplaceBlank_p46 */,
				68384E8E1E828B9500E58F68 /* jz05_reverseList_p51 */,
				68384E991E828BD800E58F68 /* jz05_reverseList_p52 */,
				68EF76031E83B3E400034D30 /* alg_BinarySearch223wd */,
				68EF760E1E83BC1200034D30 /* jz08_MinNumberInRotatedArray */,
				68EF762F1E84DF5100034D30 /* jz09_reverseAdd_p71 */,
				68EF763A1E84ED4400034D30 /* jz09_Fibonacci_p72 */,
			);
		};
/* End PBXProject section */

/* Begin PBXSourcesBuildPhase section */
		6826191C1E7F927F00511248 /* Sources */ = {
			isa = PBXSourcesBuildPhase;
			buildActionMask = 2147483647;
			files = (
				682619241E7F927F00511248 /* main.c in Sources */,
			);
			runOnlyForDeploymentPostprocessing = 0;
		};
		6826192A1E7F931D00511248 /* Sources */ = {
			isa = PBXSourcesBuildPhase;
			buildActionMask = 2147483647;
			files = (
				682619311E7F931D00511248 /* main.c in Sources */,
			);
			runOnlyForDeploymentPostprocessing = 0;
		};
		682619351E7F937100511248 /* Sources */ = {
			isa = PBXSourcesBuildPhase;
			buildActionMask = 2147483647;
			files = (
				6826193C1E7F937100511248 /* main.c in Sources */,
			);
			runOnlyForDeploymentPostprocessing = 0;
		};
		682619401E7F93C600511248 /* Sources */ = {
			isa = PBXSourcesBuildPhase;
			buildActionMask = 2147483647;
			files = (
				682619471E7F93C600511248 /* main.c in Sources */,
			);
			runOnlyForDeploymentPostprocessing = 0;
		};
		6826194B1E7F941800511248 /* Sources */ = {
			isa = PBXSourcesBuildPhase;
			buildActionMask = 2147483647;
			files = (
				682619521E7F941800511248 /* main.c in Sources */,
			);
			runOnlyForDeploymentPostprocessing = 0;
		};
		682619561E7F958500511248 /* Sources */ = {
			isa = PBXSourcesBuildPhase;
			buildActionMask = 2147483647;
			files = (
				6826195D1E7F958500511248 /* main.c in Sources */,
			);
			runOnlyForDeploymentPostprocessing = 0;
		};
		682619611E7FBFF900511248 /* Sources */ = {
			isa = PBXSourcesBuildPhase;
			buildActionMask = 2147483647;
			files = (
				682619681E7FBFFA00511248 /* main.c in Sources */,
			);
			runOnlyForDeploymentPostprocessing = 0;
		};
		682619AE1E810A5200511248 /* Sources */ = {
			isa = PBXSourcesBuildPhase;
			buildActionMask = 2147483647;
			files = (
				682619B51E810A5200511248 /* main.c in Sources */,
			);
			runOnlyForDeploymentPostprocessing = 0;
		};
		68384E751E824ADD00E58F68 /* Sources */ = {
			isa = PBXSourcesBuildPhase;
			buildActionMask = 2147483647;
			files = (
				68384E7C1E824ADD00E58F68 /* main.c in Sources */,
			);
			runOnlyForDeploymentPostprocessing = 0;
		};
		68384E801E826C5000E58F68 /* Sources */ = {
			isa = PBXSourcesBuildPhase;
			buildActionMask = 2147483647;
			files = (
				68384E871E826C5000E58F68 /* main.c in Sources */,
			);
			runOnlyForDeploymentPostprocessing = 0;
		};
		68384E8B1E828B9500E58F68 /* Sources */ = {
			isa = PBXSourcesBuildPhase;
			buildActionMask = 2147483647;
			files = (
			);
			runOnlyForDeploymentPostprocessing = 0;
		};
		68384E961E828BD800E58F68 /* Sources */ = {
			isa = PBXSourcesBuildPhase;
			buildActionMask = 2147483647;
			files = (
				68384E9D1E828BD800E58F68 /* main.cpp in Sources */,
			);
			runOnlyForDeploymentPostprocessing = 0;
		};
		68EF76001E83B3E400034D30 /* Sources */ = {
			isa = PBXSourcesBuildPhase;
			buildActionMask = 2147483647;
			files = (
				68EF76071E83B3E500034D30 /* main.c in Sources */,
			);
			runOnlyForDeploymentPostprocessing = 0;
		};
		68EF760B1E83BC1200034D30 /* Sources */ = {
			isa = PBXSourcesBuildPhase;
			buildActionMask = 2147483647;
			files = (
				68EF76121E83BC1200034D30 /* main.c in Sources */,
			);
			runOnlyForDeploymentPostprocessing = 0;
		};
		68EF762C1E84DF5100034D30 /* Sources */ = {
			isa = PBXSourcesBuildPhase;
			buildActionMask = 2147483647;
			files = (
				68EF76331E84DF5100034D30 /* main.cpp in Sources */,
			);
			runOnlyForDeploymentPostprocessing = 0;
		};
		68EF76371E84ED4400034D30 /* Sources */ = {
			isa = PBXSourcesBuildPhase;
			buildActionMask = 2147483647;
			files = (
				68EF763E1E84ED4400034D30 /* main.cpp in Sources */,
			);
			runOnlyForDeploymentPostprocessing = 0;
		};
/* End PBXSourcesBuildPhase section */

/* Begin XCBuildConfiguration section */
		682619251E7F927F00511248 /* Debug */ = {
			isa = XCBuildConfiguration;
			buildSettings = {
				ALWAYS_SEARCH_USER_PATHS = NO;
				CLANG_ANALYZER_NONNULL = YES;
				CLANG_CXX_LANGUAGE_STANDARD = "gnu++0x";
				CLANG_CXX_LIBRARY = "libc++";
				CLANG_ENABLE_MODULES = YES;
				CLANG_ENABLE_OBJC_ARC = YES;
				CLANG_WARN_BOOL_CONVERSION = YES;
				CLANG_WARN_CONSTANT_CONVERSION = YES;
				CLANG_WARN_DIRECT_OBJC_ISA_USAGE = YES_ERROR;
				CLANG_WARN_DOCUMENTATION_COMMENTS = YES;
				CLANG_WARN_EMPTY_BODY = YES;
				CLANG_WARN_ENUM_CONVERSION = YES;
				CLANG_WARN_INFINITE_RECURSION = YES;
				CLANG_WARN_INT_CONVERSION = YES;
				CLANG_WARN_OBJC_ROOT_CLASS = YES_ERROR;
				CLANG_WARN_SUSPICIOUS_MOVE = YES;
				CLANG_WARN_UNREACHABLE_CODE = YES;
				CLANG_WARN__DUPLICATE_METHOD_MATCH = YES;
				CODE_SIGN_IDENTITY = "-";
				COPY_PHASE_STRIP = NO;
				DEBUG_INFORMATION_FORMAT = dwarf;
				ENABLE_STRICT_OBJC_MSGSEND = YES;
				ENABLE_TESTABILITY = YES;
				GCC_C_LANGUAGE_STANDARD = gnu99;
				GCC_DYNAMIC_NO_PIC = NO;
				GCC_NO_COMMON_BLOCKS = YES;
				GCC_OPTIMIZATION_LEVEL = 0;
				GCC_PREPROCESSOR_DEFINITIONS = (
					"DEBUG=1",
					"$(inherited)",
				);
				GCC_WARN_64_TO_32_BIT_CONVERSION = YES;
				GCC_WARN_ABOUT_RETURN_TYPE = YES_ERROR;
				GCC_WARN_UNDECLARED_SELECTOR = YES;
				GCC_WARN_UNINITIALIZED_AUTOS = YES_AGGRESSIVE;
				GCC_WARN_UNUSED_FUNCTION = YES;
				GCC_WARN_UNUSED_VARIABLE = YES;
				MACOSX_DEPLOYMENT_TARGET = 10.12;
				MTL_ENABLE_DEBUG_INFO = YES;
				ONLY_ACTIVE_ARCH = YES;
				SDKROOT = macosx;
			};
			name = Debug;
		};
		682619261E7F927F00511248 /* Release */ = {
			isa = XCBuildConfiguration;
			buildSettings = {
				ALWAYS_SEARCH_USER_PATHS = NO;
				CLANG_ANALYZER_NONNULL = YES;
				CLANG_CXX_LANGUAGE_STANDARD = "gnu++0x";
				CLANG_CXX_LIBRARY = "libc++";
				CLANG_ENABLE_MODULES = YES;
				CLANG_ENABLE_OBJC_ARC = YES;
				CLANG_WARN_BOOL_CONVERSION = YES;
				CLANG_WARN_CONSTANT_CONVERSION = YES;
				CLANG_WARN_DIRECT_OBJC_ISA_USAGE = YES_ERROR;
				CLANG_WARN_DOCUMENTATION_COMMENTS = YES;
				CLANG_WARN_EMPTY_BODY = YES;
				CLANG_WARN_ENUM_CONVERSION = YES;
				CLANG_WARN_INFINITE_RECURSION = YES;
				CLANG_WARN_INT_CONVERSION = YES;
				CLANG_WARN_OBJC_ROOT_CLASS = YES_ERROR;
				CLANG_WARN_SUSPICIOUS_MOVE = YES;
				CLANG_WARN_UNREACHABLE_CODE = YES;
				CLANG_WARN__DUPLICATE_METHOD_MATCH = YES;
				CODE_SIGN_IDENTITY = "-";
				COPY_PHASE_STRIP = NO;
				DEBUG_INFORMATION_FORMAT = "dwarf-with-dsym";
				ENABLE_NS_ASSERTIONS = NO;
				ENABLE_STRICT_OBJC_MSGSEND = YES;
				GCC_C_LANGUAGE_STANDARD = gnu99;
				GCC_NO_COMMON_BLOCKS = YES;
				GCC_WARN_64_TO_32_BIT_CONVERSION = YES;
				GCC_WARN_ABOUT_RETURN_TYPE = YES_ERROR;
				GCC_WARN_UNDECLARED_SELECTOR = YES;
				GCC_WARN_UNINITIALIZED_AUTOS = YES_AGGRESSIVE;
				GCC_WARN_UNUSED_FUNCTION = YES;
				GCC_WARN_UNUSED_VARIABLE = YES;
				MACOSX_DEPLOYMENT_TARGET = 10.12;
				MTL_ENABLE_DEBUG_INFO = NO;
				SDKROOT = macosx;
			};
			name = Release;
		};
		682619281E7F927F00511248 /* Debug */ = {
			isa = XCBuildConfiguration;
			buildSettings = {
				PRODUCT_NAME = "$(TARGET_NAME)";
			};
			name = Debug;
		};
		682619291E7F927F00511248 /* Release */ = {
			isa = XCBuildConfiguration;
			buildSettings = {
				PRODUCT_NAME = "$(TARGET_NAME)";
			};
			name = Release;
		};
		682619331E7F931D00511248 /* Debug */ = {
			isa = XCBuildConfiguration;
			buildSettings = {
				PRODUCT_NAME = "$(TARGET_NAME)";
			};
			name = Debug;
		};
		682619341E7F931D00511248 /* Release */ = {
			isa = XCBuildConfiguration;
			buildSettings = {
				PRODUCT_NAME = "$(TARGET_NAME)";
			};
			name = Release;
		};
		6826193E1E7F937100511248 /* Debug */ = {
			isa = XCBuildConfiguration;
			buildSettings = {
				PRODUCT_NAME = "$(TARGET_NAME)";
			};
			name = Debug;
		};
		6826193F1E7F937100511248 /* Release */ = {
			isa = XCBuildConfiguration;
			buildSettings = {
				PRODUCT_NAME = "$(TARGET_NAME)";
			};
			name = Release;
		};
		682619491E7F93C600511248 /* Debug */ = {
			isa = XCBuildConfiguration;
			buildSettings = {
				PRODUCT_NAME = "$(TARGET_NAME)";
			};
			name = Debug;
		};
		6826194A1E7F93C600511248 /* Release */ = {
			isa = XCBuildConfiguration;
			buildSettings = {
				PRODUCT_NAME = "$(TARGET_NAME)";
			};
			name = Release;
		};
		682619541E7F941800511248 /* Debug */ = {
			isa = XCBuildConfiguration;
			buildSettings = {
				PRODUCT_NAME = "$(TARGET_NAME)";
			};
			name = Debug;
		};
		682619551E7F941800511248 /* Release */ = {
			isa = XCBuildConfiguration;
			buildSettings = {
				PRODUCT_NAME = "$(TARGET_NAME)";
			};
			name = Release;
		};
		6826195F1E7F958500511248 /* Debug */ = {
			isa = XCBuildConfiguration;
			buildSettings = {
				PRODUCT_NAME = "$(TARGET_NAME)";
			};
			name = Debug;
		};
		682619601E7F958500511248 /* Release */ = {
			isa = XCBuildConfiguration;
			buildSettings = {
				PRODUCT_NAME = "$(TARGET_NAME)";
			};
			name = Release;
		};
		6826196A1E7FBFFA00511248 /* Debug */ = {
			isa = XCBuildConfiguration;
			buildSettings = {
				PRODUCT_NAME = "$(TARGET_NAME)";
			};
			name = Debug;
		};
		6826196B1E7FBFFA00511248 /* Release */ = {
			isa = XCBuildConfiguration;
			buildSettings = {
				PRODUCT_NAME = "$(TARGET_NAME)";
			};
			name = Release;
		};
		682619B71E810A5200511248 /* Debug */ = {
			isa = XCBuildConfiguration;
			buildSettings = {
				PRODUCT_NAME = "$(TARGET_NAME)";
			};
			name = Debug;
		};
		682619B81E810A5200511248 /* Release */ = {
			isa = XCBuildConfiguration;
			buildSettings = {
				PRODUCT_NAME = "$(TARGET_NAME)";
			};
			name = Release;
		};
		68384E7D1E824ADD00E58F68 /* Debug */ = {
			isa = XCBuildConfiguration;
			buildSettings = {
				PRODUCT_NAME = "$(TARGET_NAME)";
			};
			name = Debug;
		};
		68384E7E1E824ADD00E58F68 /* Release */ = {
			isa = XCBuildConfiguration;
			buildSettings = {
				PRODUCT_NAME = "$(TARGET_NAME)";
			};
			name = Release;
		};
		68384E891E826C5000E58F68 /* Debug */ = {
			isa = XCBuildConfiguration;
			buildSettings = {
				PRODUCT_NAME = "$(TARGET_NAME)";
			};
			name = Debug;
		};
		68384E8A1E826C5000E58F68 /* Release */ = {
			isa = XCBuildConfiguration;
			buildSettings = {
				PRODUCT_NAME = "$(TARGET_NAME)";
			};
			name = Release;
		};
		68384E941E828B9500E58F68 /* Debug */ = {
			isa = XCBuildConfiguration;
			buildSettings = {
				PRODUCT_NAME = "$(TARGET_NAME)";
			};
			name = Debug;
		};
		68384E951E828B9500E58F68 /* Release */ = {
			isa = XCBuildConfiguration;
			buildSettings = {
				PRODUCT_NAME = "$(TARGET_NAME)";
			};
			name = Release;
		};
		68384E9F1E828BD800E58F68 /* Debug */ = {
			isa = XCBuildConfiguration;
			buildSettings = {
				PRODUCT_NAME = "$(TARGET_NAME)";
			};
			name = Debug;
		};
		68384EA01E828BD800E58F68 /* Release */ = {
			isa = XCBuildConfiguration;
			buildSettings = {
				PRODUCT_NAME = "$(TARGET_NAME)";
			};
			name = Release;
		};
		68EF76081E83B3E500034D30 /* Debug */ = {
			isa = XCBuildConfiguration;
			buildSettings = {
				PRODUCT_NAME = "$(TARGET_NAME)";
			};
			name = Debug;
		};
		68EF76091E83B3E500034D30 /* Release */ = {
			isa = XCBuildConfiguration;
			buildSettings = {
				PRODUCT_NAME = "$(TARGET_NAME)";
			};
			name = Release;
		};
		68EF76141E83BC1200034D30 /* Debug */ = {
			isa = XCBuildConfiguration;
			buildSettings = {
				PRODUCT_NAME = "$(TARGET_NAME)";
			};
			name = Debug;
		};
		68EF76151E83BC1200034D30 /* Release */ = {
			isa = XCBuildConfiguration;
			buildSettings = {
				PRODUCT_NAME = "$(TARGET_NAME)";
			};
			name = Release;
		};
		68EF76351E84DF5100034D30 /* Debug */ = {
			isa = XCBuildConfiguration;
			buildSettings = {
				PRODUCT_NAME = "$(TARGET_NAME)";
			};
			name = Debug;
		};
		68EF76361E84DF5100034D30 /* Release */ = {
			isa = XCBuildConfiguration;
			buildSettings = {
				PRODUCT_NAME = "$(TARGET_NAME)";
			};
			name = Release;
		};
		68EF76401E84ED4400034D30 /* Debug */ = {
			isa = XCBuildConfiguration;
			buildSettings = {
				PRODUCT_NAME = "$(TARGET_NAME)";
			};
			name = Debug;
		};
		68EF76411E84ED4400034D30 /* Release */ = {
			isa = XCBuildConfiguration;
			buildSettings = {
				PRODUCT_NAME = "$(TARGET_NAME)";
			};
			name = Release;
		};
/* End XCBuildConfiguration section */

/* Begin XCConfigurationList section */
		6826191B1E7F927E00511248 /* Build configuration list for PBXProject "algorithmKQYcLanguage" */ = {
			isa = XCConfigurationList;
			buildConfigurations = (
				682619251E7F927F00511248 /* Debug */,
				682619261E7F927F00511248 /* Release */,
			);
			defaultConfigurationIsVisible = 0;
			defaultConfigurationName = Release;
		};
		682619271E7F927F00511248 /* Build configuration list for PBXNativeTarget "algorithmKQYcLanguage" */ = {
			isa = XCConfigurationList;
			buildConfigurations = (
				682619281E7F927F00511248 /* Debug */,
				682619291E7F927F00511248 /* Release */,
			);
			defaultConfigurationIsVisible = 0;
			defaultConfigurationName = Release;
		};
		682619321E7F931D00511248 /* Build configuration list for PBXNativeTarget "jz15_KthNodeFromEnd_p110" */ = {
			isa = XCConfigurationList;
			buildConfigurations = (
				682619331E7F931D00511248 /* Debug */,
				682619341E7F931D00511248 /* Release */,
			);
			defaultConfigurationIsVisible = 0;
			defaultConfigurationName = Release;
		};
		6826193D1E7F937100511248 /* Build configuration list for PBXNativeTarget "testCreateList" */ = {
			isa = XCConfigurationList;
			buildConfigurations = (
				6826193E1E7F937100511248 /* Debug */,
				6826193F1E7F937100511248 /* Release */,
			);
			defaultConfigurationIsVisible = 0;
			defaultConfigurationName = Release;
		};
		682619481E7F93C600511248 /* Build configuration list for PBXNativeTarget "testCreateList2" */ = {
			isa = XCConfigurationList;
			buildConfigurations = (
				682619491E7F93C600511248 /* Debug */,
				6826194A1E7F93C600511248 /* Release */,
			);
			defaultConfigurationIsVisible = 0;
			defaultConfigurationName = Release;
		};
		682619531E7F941800511248 /* Build configuration list for PBXNativeTarget "jz16_ReverseList_p113" */ = {
			isa = XCConfigurationList;
			buildConfigurations = (
				682619541E7F941800511248 /* Debug */,
				682619551E7F941800511248 /* Release */,
			);
			defaultConfigurationIsVisible = 0;
			defaultConfigurationName = Release;
		};
		6826195E1E7F958500511248 /* Build configuration list for PBXNativeTarget "jz16_ReverseList_p114" */ = {
			isa = XCConfigurationList;
			buildConfigurations = (
				6826195F1E7F958500511248 /* Debug */,
				682619601E7F958500511248 /* Release */,
			);
			defaultConfigurationIsVisible = 0;
			defaultConfigurationName = Release;
		};
		682619691E7FBFFA00511248 /* Build configuration list for PBXNativeTarget "jz16_ReverseList_p115" */ = {
			isa = XCConfigurationList;
			buildConfigurations = (
				6826196A1E7FBFFA00511248 /* Debug */,
				6826196B1E7FBFFA00511248 /* Release */,
			);
			defaultConfigurationIsVisible = 0;
			defaultConfigurationName = Release;
		};
		682619B61E810A5200511248 /* Build configuration list for PBXNativeTarget "jz03_FindInParticallySoftedMatrix_p38" */ = {
			isa = XCConfigurationList;
			buildConfigurations = (
				682619B71E810A5200511248 /* Debug */,
				682619B81E810A5200511248 /* Release */,
			);
			defaultConfigurationIsVisible = 0;
			defaultConfigurationName = Release;
		};
		68384E7F1E824ADD00E58F68 /* Build configuration list for PBXNativeTarget "jz04_ReplaceBlank_p45" */ = {
			isa = XCConfigurationList;
			buildConfigurations = (
				68384E7D1E824ADD00E58F68 /* Debug */,
				68384E7E1E824ADD00E58F68 /* Release */,
			);
			defaultConfigurationIsVisible = 0;
			defaultConfigurationName = Release;
		};
		68384E881E826C5000E58F68 /* Build configuration list for PBXNativeTarget "jz04_ReplaceBlank_p46" */ = {
			isa = XCConfigurationList;
			buildConfigurations = (
				68384E891E826C5000E58F68 /* Debug */,
				68384E8A1E826C5000E58F68 /* Release */,
			);
			defaultConfigurationIsVisible = 0;
			defaultConfigurationName = Release;
		};
		68384E931E828B9500E58F68 /* Build configuration list for PBXNativeTarget "jz05_reverseList_p51" */ = {
			isa = XCConfigurationList;
			buildConfigurations = (
				68384E941E828B9500E58F68 /* Debug */,
				68384E951E828B9500E58F68 /* Release */,
			);
			defaultConfigurationIsVisible = 0;
			defaultConfigurationName = Release;
		};
		68384E9E1E828BD800E58F68 /* Build configuration list for PBXNativeTarget "jz05_reverseList_p52" */ = {
			isa = XCConfigurationList;
			buildConfigurations = (
				68384E9F1E828BD800E58F68 /* Debug */,
				68384EA01E828BD800E58F68 /* Release */,
			);
			defaultConfigurationIsVisible = 0;
			defaultConfigurationName = Release;
		};
		68EF760A1E83B3E500034D30 /* Build configuration list for PBXNativeTarget "alg_BinarySearch223wd" */ = {
			isa = XCConfigurationList;
			buildConfigurations = (
				68EF76081E83B3E500034D30 /* Debug */,
				68EF76091E83B3E500034D30 /* Release */,
			);
			defaultConfigurationIsVisible = 0;
		};
		68EF76131E83BC1200034D30 /* Build configuration list for PBXNativeTarget "jz08_MinNumberInRotatedArray" */ = {
			isa = XCConfigurationList;
			buildConfigurations = (
				68EF76141E83BC1200034D30 /* Debug */,
				68EF76151E83BC1200034D30 /* Release */,
			);
			defaultConfigurationIsVisible = 0;
		};
		68EF76341E84DF5100034D30 /* Build configuration list for PBXNativeTarget "jz09_reverseAdd_p71" */ = {
			isa = XCConfigurationList;
			buildConfigurations = (
				68EF76351E84DF5100034D30 /* Debug */,
				68EF76361E84DF5100034D30 /* Release */,
			);
			defaultConfigurationIsVisible = 0;
		};
		68EF763F1E84ED4400034D30 /* Build configuration list for PBXNativeTarget "jz09_Fibonacci_p72" */ = {
			isa = XCConfigurationList;
			buildConfigurations = (
				68EF76401E84ED4400034D30 /* Debug */,
				68EF76411E84ED4400034D30 /* Release */,
			);
			defaultConfigurationIsVisible = 0;
		};
/* End XCConfigurationList section */
	};
	rootObject = 682619181E7F927E00511248 /* Project object */;
}
