// !$*UTF8*$!
{
	archiveVersion = 1;
	classes = {
	};
	objectVersion = 46;
	objects = {

/* Begin PBXBuildFile section */
		6803324C1E4C896000A47DF4 /* main.m in Sources */ = {isa = PBXBuildFile; fileRef = 6803324B1E4C896000A47DF4 /* main.m */; };
		680332551E4C896000A47DF4 /* Main.storyboard in Resources */ = {isa = PBXBuildFile; fileRef = 680332531E4C896000A47DF4 /* Main.storyboard */; };
		680332571E4C896000A47DF4 /* Assets.xcassets in Resources */ = {isa = PBXBuildFile; fileRef = 680332561E4C896000A47DF4 /* Assets.xcassets */; };
		6803325A1E4C896000A47DF4 /* LaunchScreen.storyboard in Resources */ = {isa = PBXBuildFile; fileRef = 680332581E4C896000A47DF4 /* LaunchScreen.storyboard */; };
		680332651E4C896000A47DF4 /* playLocalDownloadMp3Tests.m in Sources */ = {isa = PBXBuildFile; fileRef = 680332641E4C896000A47DF4 /* playLocalDownloadMp3Tests.m */; };
		680332701E4C896000A47DF4 /* playLocalDownloadMp3UITests.m in Sources */ = {isa = PBXBuildFile; fileRef = 6803326F1E4C896000A47DF4 /* playLocalDownloadMp3UITests.m */; };
		687BE7401EEE9CD500CFF08A /* 002.mp3 in Resources */ = {isa = PBXBuildFile; fileRef = 687BE73E1EEE9CD500CFF08A /* 002.mp3 */; };
		687BE7411EEE9CD500CFF08A /* 001.mp3 in Resources */ = {isa = PBXBuildFile; fileRef = 687BE73F1EEE9CD500CFF08A /* 001.mp3 */; };
		68AE775F1E63BEE5007DC5B6 /* AppDelegate.m in Sources */ = {isa = PBXBuildFile; fileRef = 68AE775C1E63BEE5007DC5B6 /* AppDelegate.m */; };
		68AE777B1E63BF95007DC5B6 /* Info.plist in Resources */ = {isa = PBXBuildFile; fileRef = 68AE77611E63BF95007DC5B6 /* Info.plist */; };
		68AE777C1E63BF95007DC5B6 /* MASCompositeConstraint.m in Sources */ = {isa = PBXBuildFile; fileRef = 68AE77631E63BF95007DC5B6 /* MASCompositeConstraint.m */; };
		68AE777D1E63BF95007DC5B6 /* MASConstraint.m in Sources */ = {isa = PBXBuildFile; fileRef = 68AE77661E63BF95007DC5B6 /* MASConstraint.m */; };
		68AE777E1E63BF95007DC5B6 /* MASConstraintMaker.m in Sources */ = {isa = PBXBuildFile; fileRef = 68AE77681E63BF95007DC5B6 /* MASConstraintMaker.m */; };
		68AE777F1E63BF95007DC5B6 /* MASLayoutConstraint.m in Sources */ = {isa = PBXBuildFile; fileRef = 68AE776A1E63BF95007DC5B6 /* MASLayoutConstraint.m */; };
		68AE77801E63BF95007DC5B6 /* MASViewAttribute.m in Sources */ = {isa = PBXBuildFile; fileRef = 68AE776E1E63BF95007DC5B6 /* MASViewAttribute.m */; };
		68AE77811E63BF95007DC5B6 /* MASViewConstraint.m in Sources */ = {isa = PBXBuildFile; fileRef = 68AE77701E63BF95007DC5B6 /* MASViewConstraint.m */; };
		68AE77821E63BF95007DC5B6 /* NSArray+MASAdditions.m in Sources */ = {isa = PBXBuildFile; fileRef = 68AE77721E63BF95007DC5B6 /* NSArray+MASAdditions.m */; };
		68AE77831E63BF95007DC5B6 /* NSLayoutConstraint+MASDebugAdditions.m in Sources */ = {isa = PBXBuildFile; fileRef = 68AE77751E63BF95007DC5B6 /* NSLayoutConstraint+MASDebugAdditions.m */; };
		68AE77841E63BF95007DC5B6 /* View+MASAdditions.m in Sources */ = {isa = PBXBuildFile; fileRef = 68AE77771E63BF95007DC5B6 /* View+MASAdditions.m */; };
		68AE77851E63BF95007DC5B6 /* ViewController+MASAdditions.m in Sources */ = {isa = PBXBuildFile; fileRef = 68AE777A1E63BF95007DC5B6 /* ViewController+MASAdditions.m */; };
		68AE77881E63BFDC007DC5B6 /* playerViewController.m in Sources */ = {isa = PBXBuildFile; fileRef = 68AE77871E63BFDC007DC5B6 /* playerViewController.m */; };
		68AE778B1E63C048007DC5B6 /* kqyMusicTool.m in Sources */ = {isa = PBXBuildFile; fileRef = 68AE778A1E63C048007DC5B6 /* kqyMusicTool.m */; };
		68AE778E1E63C050007DC5B6 /* kqyAudioTool.m in Sources */ = {isa = PBXBuildFile; fileRef = 68AE778D1E63C050007DC5B6 /* kqyAudioTool.m */; };
		68AE77911E63C05E007DC5B6 /* kqyMusicModel.m in Sources */ = {isa = PBXBuildFile; fileRef = 68AE77901E63C05E007DC5B6 /* kqyMusicModel.m */; };
		68AE779E1E63CA5F007DC5B6 /* 10405520.mp3 in Resources */ = {isa = PBXBuildFile; fileRef = 68AE77941E63CA5F007DC5B6 /* 10405520.mp3 */; };
		68AE77A91E63CA62007DC5B6 /* Musics.plist in Resources */ = {isa = PBXBuildFile; fileRef = 68AE77A81E63CA62007DC5B6 /* Musics.plist */; };
		68AE77B51E63CA66007DC5B6 /* 10405520.lrc in Resources */ = {isa = PBXBuildFile; fileRef = 68AE77AB1E63CA66007DC5B6 /* 10405520.lrc */; };
		68AE77B61E63CA66007DC5B6 /* 10736444.lrc in Resources */ = {isa = PBXBuildFile; fileRef = 68AE77AC1E63CA66007DC5B6 /* 10736444.lrc */; };
		68AE77B71E63CA66007DC5B6 /* 120125029.lrc in Resources */ = {isa = PBXBuildFile; fileRef = 68AE77AD1E63CA66007DC5B6 /* 120125029.lrc */; };
		68AE77B81E63CA66007DC5B6 /* 12309111.lrc in Resources */ = {isa = PBXBuildFile; fileRef = 68AE77AE1E63CA66007DC5B6 /* 12309111.lrc */; };
		68AE77B91E63CA66007DC5B6 /* 14945107.lrc in Resources */ = {isa = PBXBuildFile; fileRef = 68AE77AF1E63CA66007DC5B6 /* 14945107.lrc */; };
		68AE77BA1E63CA66007DC5B6 /* 235319.lrc in Resources */ = {isa = PBXBuildFile; fileRef = 68AE77B01E63CA66007DC5B6 /* 235319.lrc */; };
		68AE77BB1E63CA66007DC5B6 /* 255319.lrc in Resources */ = {isa = PBXBuildFile; fileRef = 68AE77B11E63CA66007DC5B6 /* 255319.lrc */; };
		68AE77BC1E63CA66007DC5B6 /* 309769.lrc in Resources */ = {isa = PBXBuildFile; fileRef = 68AE77B21E63CA66007DC5B6 /* 309769.lrc */; };
		68AE77BD1E63CA66007DC5B6 /* 339744.lrc in Resources */ = {isa = PBXBuildFile; fileRef = 68AE77B31E63CA66007DC5B6 /* 339744.lrc */; };
		68AE77BE1E63CA66007DC5B6 /* 月半小夜曲.lrc in Resources */ = {isa = PBXBuildFile; fileRef = 68AE77B41E63CA66007DC5B6 /* 月半小夜曲.lrc */; };
		68AE77D41E63CA6F007DC5B6 /* bb@2x.jpg in Resources */ = {isa = PBXBuildFile; fileRef = 68AE77C01E63CA6F007DC5B6 /* bb@2x.jpg */; };
		68AE77D51E63CA6F007DC5B6 /* bb_icon@2x.jpg in Resources */ = {isa = PBXBuildFile; fileRef = 68AE77C11E63CA6F007DC5B6 /* bb_icon@2x.jpg */; };
		68AE77D61E63CA6F007DC5B6 /* dzq@2x.jpg in Resources */ = {isa = PBXBuildFile; fileRef = 68AE77C21E63CA6F007DC5B6 /* dzq@2x.jpg */; };
		68AE77D71E63CA6F007DC5B6 /* dzq_icon@2x.jpg in Resources */ = {isa = PBXBuildFile; fileRef = 68AE77C31E63CA6F007DC5B6 /* dzq_icon@2x.jpg */; };
		68AE77D81E63CA6F007DC5B6 /* eason@2x.jpg in Resources */ = {isa = PBXBuildFile; fileRef = 68AE77C41E63CA6F007DC5B6 /* eason@2x.jpg */; };
		68AE77D91E63CA6F007DC5B6 /* eason_icon@2x.jpg in Resources */ = {isa = PBXBuildFile; fileRef = 68AE77C51E63CA6F007DC5B6 /* eason_icon@2x.jpg */; };
		68AE77DA1E63CA6F007DC5B6 /* jay@2x.jpg in Resources */ = {isa = PBXBuildFile; fileRef = 68AE77C61E63CA6F007DC5B6 /* jay@2x.jpg */; };
		68AE77DB1E63CA6F007DC5B6 /* jay_icon@2x.png in Resources */ = {isa = PBXBuildFile; fileRef = 68AE77C71E63CA6F007DC5B6 /* jay_icon@2x.png */; };
		68AE77DC1E63CA6F007DC5B6 /* jj@2x.jpg in Resources */ = {isa = PBXBuildFile; fileRef = 68AE77C81E63CA6F007DC5B6 /* jj@2x.jpg */; };
		68AE77DD1E63CA6F007DC5B6 /* jj_icon@2x.png in Resources */ = {isa = PBXBuildFile; fileRef = 68AE77C91E63CA6F007DC5B6 /* jj_icon@2x.png */; };
		68AE77DE1E63CA6F007DC5B6 /* kzxd@2x.jpg in Resources */ = {isa = PBXBuildFile; fileRef = 68AE77CA1E63CA6F007DC5B6 /* kzxd@2x.jpg */; };
		68AE77DF1E63CA6F007DC5B6 /* kzxd_icon@2x.jpg in Resources */ = {isa = PBXBuildFile; fileRef = 68AE77CB1E63CA6F007DC5B6 /* kzxd_icon@2x.jpg */; };
		68AE77E01E63CA6F007DC5B6 /* lkq@2x.jpg in Resources */ = {isa = PBXBuildFile; fileRef = 68AE77CC1E63CA6F007DC5B6 /* lkq@2x.jpg */; };
		68AE77E11E63CA6F007DC5B6 /* lkq_icon@2x.jpg in Resources */ = {isa = PBXBuildFile; fileRef = 68AE77CD1E63CA6F007DC5B6 /* lkq_icon@2x.jpg */; };
		68AE77E21E63CA6F007DC5B6 /* nanquan@2x.jpg in Resources */ = {isa = PBXBuildFile; fileRef = 68AE77CE1E63CA6F007DC5B6 /* nanquan@2x.jpg */; };
		68AE77E31E63CA6F007DC5B6 /* nanquan_icon@2x.jpg in Resources */ = {isa = PBXBuildFile; fileRef = 68AE77CF1E63CA6F007DC5B6 /* nanquan_icon@2x.jpg */; };
		68AE77E41E63CA6F007DC5B6 /* wf@2x.jpg in Resources */ = {isa = PBXBuildFile; fileRef = 68AE77D01E63CA6F007DC5B6 /* wf@2x.jpg */; };
		68AE77E51E63CA6F007DC5B6 /* wf_icon@2x.jpg in Resources */ = {isa = PBXBuildFile; fileRef = 68AE77D11E63CA6F007DC5B6 /* wf_icon@2x.jpg */; };
		68AE77E61E63CA6F007DC5B6 /* zxy@2x.jpg in Resources */ = {isa = PBXBuildFile; fileRef = 68AE77D21E63CA6F007DC5B6 /* zxy@2x.jpg */; };
		68AE77E71E63CA6F007DC5B6 /* zxy_icon@2x.jpg in Resources */ = {isa = PBXBuildFile; fileRef = 68AE77D31E63CA6F007DC5B6 /* zxy_icon@2x.jpg */; };
		68AE77FF1E63D0D8007DC5B6 /* Info.plist in Resources */ = {isa = PBXBuildFile; fileRef = 68AE77E91E63D0D8007DC5B6 /* Info.plist */; };
		68AE78001E63D0D8007DC5B6 /* MJExtensionConst.m in Sources */ = {isa = PBXBuildFile; fileRef = 68AE77EC1E63D0D8007DC5B6 /* MJExtensionConst.m */; };
		68AE78011E63D0D8007DC5B6 /* MJFoundation.m in Sources */ = {isa = PBXBuildFile; fileRef = 68AE77EE1E63D0D8007DC5B6 /* MJFoundation.m */; };
		68AE78021E63D0D8007DC5B6 /* MJProperty.m in Sources */ = {isa = PBXBuildFile; fileRef = 68AE77F01E63D0D8007DC5B6 /* MJProperty.m */; };
		68AE78031E63D0D8007DC5B6 /* MJPropertyKey.m in Sources */ = {isa = PBXBuildFile; fileRef = 68AE77F21E63D0D8007DC5B6 /* MJPropertyKey.m */; };
		68AE78041E63D0D8007DC5B6 /* MJPropertyType.m in Sources */ = {isa = PBXBuildFile; fileRef = 68AE77F41E63D0D8007DC5B6 /* MJPropertyType.m */; };
		68AE78051E63D0D8007DC5B6 /* NSObject+MJClass.m in Sources */ = {isa = PBXBuildFile; fileRef = 68AE77F61E63D0D8007DC5B6 /* NSObject+MJClass.m */; };
		68AE78061E63D0D8007DC5B6 /* NSObject+MJCoding.m in Sources */ = {isa = PBXBuildFile; fileRef = 68AE77F81E63D0D8007DC5B6 /* NSObject+MJCoding.m */; };
		68AE78071E63D0D8007DC5B6 /* NSObject+MJKeyValue.m in Sources */ = {isa = PBXBuildFile; fileRef = 68AE77FA1E63D0D8007DC5B6 /* NSObject+MJKeyValue.m */; };
		68AE78081E63D0D8007DC5B6 /* NSObject+MJProperty.m in Sources */ = {isa = PBXBuildFile; fileRef = 68AE77FC1E63D0D8007DC5B6 /* NSObject+MJProperty.m */; };
		68AE78091E63D0D8007DC5B6 /* NSString+MJExtension.m in Sources */ = {isa = PBXBuildFile; fileRef = 68AE77FE1E63D0D8007DC5B6 /* NSString+MJExtension.m */; };
/* End PBXBuildFile section */

/* Begin PBXContainerItemProxy section */
		680332611E4C896000A47DF4 /* PBXContainerItemProxy */ = {
			isa = PBXContainerItemProxy;
			containerPortal = 6803323F1E4C896000A47DF4 /* Project object */;
			proxyType = 1;
			remoteGlobalIDString = 680332461E4C896000A47DF4;
			remoteInfo = playLocalDownloadMp3;
		};
		6803326C1E4C896000A47DF4 /* PBXContainerItemProxy */ = {
			isa = PBXContainerItemProxy;
			containerPortal = 6803323F1E4C896000A47DF4 /* Project object */;
			proxyType = 1;
			remoteGlobalIDString = 680332461E4C896000A47DF4;
			remoteInfo = playLocalDownloadMp3;
		};
/* End PBXContainerItemProxy section */

/* Begin PBXFileReference section */
		680332471E4C896000A47DF4 /* playLocalDownloadMp3.app */ = {isa = PBXFileReference; explicitFileType = wrapper.application; includeInIndex = 0; path = playLocalDownloadMp3.app; sourceTree = BUILT_PRODUCTS_DIR; };
		6803324B1E4C896000A47DF4 /* main.m */ = {isa = PBXFileReference; lastKnownFileType = sourcecode.c.objc; path = main.m; sourceTree = "<group>"; };
		680332541E4C896000A47DF4 /* Base */ = {isa = PBXFileReference; lastKnownFileType = file.storyboard; name = Base; path = Base.lproj/Main.storyboard; sourceTree = "<group>"; };
		680332561E4C896000A47DF4 /* Assets.xcassets */ = {isa = PBXFileReference; lastKnownFileType = folder.assetcatalog; path = Assets.xcassets; sourceTree = "<group>"; };
		680332591E4C896000A47DF4 /* Base */ = {isa = PBXFileReference; lastKnownFileType = file.storyboard; name = Base; path = Base.lproj/LaunchScreen.storyboard; sourceTree = "<group>"; };
		6803325B1E4C896000A47DF4 /* Info.plist */ = {isa = PBXFileReference; lastKnownFileType = text.plist.xml; path = Info.plist; sourceTree = "<group>"; };
		680332601E4C896000A47DF4 /* playLocalDownloadMp3Tests.xctest */ = {isa = PBXFileReference; explicitFileType = wrapper.cfbundle; includeInIndex = 0; path = playLocalDownloadMp3Tests.xctest; sourceTree = BUILT_PRODUCTS_DIR; };
		680332641E4C896000A47DF4 /* playLocalDownloadMp3Tests.m */ = {isa = PBXFileReference; lastKnownFileType = sourcecode.c.objc; path = playLocalDownloadMp3Tests.m; sourceTree = "<group>"; };
		680332661E4C896000A47DF4 /* Info.plist */ = {isa = PBXFileReference; lastKnownFileType = text.plist.xml; path = Info.plist; sourceTree = "<group>"; };
		6803326B1E4C896000A47DF4 /* playLocalDownloadMp3UITests.xctest */ = {isa = PBXFileReference; explicitFileType = wrapper.cfbundle; includeInIndex = 0; path = playLocalDownloadMp3UITests.xctest; sourceTree = BUILT_PRODUCTS_DIR; };
		6803326F1E4C896000A47DF4 /* playLocalDownloadMp3UITests.m */ = {isa = PBXFileReference; lastKnownFileType = sourcecode.c.objc; path = playLocalDownloadMp3UITests.m; sourceTree = "<group>"; };
		680332711E4C896000A47DF4 /* Info.plist */ = {isa = PBXFileReference; lastKnownFileType = text.plist.xml; path = Info.plist; sourceTree = "<group>"; };
		687BE73E1EEE9CD500CFF08A /* 002.mp3 */ = {isa = PBXFileReference; lastKnownFileType = audio.mp3; path = 002.mp3; sourceTree = "<group>"; };
		687BE73F1EEE9CD500CFF08A /* 001.mp3 */ = {isa = PBXFileReference; lastKnownFileType = audio.mp3; path = 001.mp3; sourceTree = "<group>"; };
		68AE775B1E63BEE5007DC5B6 /* AppDelegate.h */ = {isa = PBXFileReference; fileEncoding = 4; lastKnownFileType = sourcecode.c.h; path = AppDelegate.h; sourceTree = "<group>"; };
		68AE775C1E63BEE5007DC5B6 /* AppDelegate.m */ = {isa = PBXFileReference; fileEncoding = 4; lastKnownFileType = sourcecode.c.objc; path = AppDelegate.m; sourceTree = "<group>"; };
		68AE77611E63BF95007DC5B6 /* Info.plist */ = {isa = PBXFileReference; fileEncoding = 4; lastKnownFileType = text.plist.xml; path = Info.plist; sourceTree = "<group>"; };
		68AE77621E63BF95007DC5B6 /* MASCompositeConstraint.h */ = {isa = PBXFileReference; fileEncoding = 4; lastKnownFileType = sourcecode.c.h; path = MASCompositeConstraint.h; sourceTree = "<group>"; };
		68AE77631E63BF95007DC5B6 /* MASCompositeConstraint.m */ = {isa = PBXFileReference; fileEncoding = 4; lastKnownFileType = sourcecode.c.objc; path = MASCompositeConstraint.m; sourceTree = "<group>"; };
		68AE77641E63BF95007DC5B6 /* MASConstraint+Private.h */ = {isa = PBXFileReference; fileEncoding = 4; lastKnownFileType = sourcecode.c.h; path = "MASConstraint+Private.h"; sourceTree = "<group>"; };
		68AE77651E63BF95007DC5B6 /* MASConstraint.h */ = {isa = PBXFileReference; fileEncoding = 4; lastKnownFileType = sourcecode.c.h; path = MASConstraint.h; sourceTree = "<group>"; };
		68AE77661E63BF95007DC5B6 /* MASConstraint.m */ = {isa = PBXFileReference; fileEncoding = 4; lastKnownFileType = sourcecode.c.objc; path = MASConstraint.m; sourceTree = "<group>"; };
		68AE77671E63BF95007DC5B6 /* MASConstraintMaker.h */ = {isa = PBXFileReference; fileEncoding = 4; lastKnownFileType = sourcecode.c.h; path = MASConstraintMaker.h; sourceTree = "<group>"; };
		68AE77681E63BF95007DC5B6 /* MASConstraintMaker.m */ = {isa = PBXFileReference; fileEncoding = 4; lastKnownFileType = sourcecode.c.objc; path = MASConstraintMaker.m; sourceTree = "<group>"; };
		68AE77691E63BF95007DC5B6 /* MASLayoutConstraint.h */ = {isa = PBXFileReference; fileEncoding = 4; lastKnownFileType = sourcecode.c.h; path = MASLayoutConstraint.h; sourceTree = "<group>"; };
		68AE776A1E63BF95007DC5B6 /* MASLayoutConstraint.m */ = {isa = PBXFileReference; fileEncoding = 4; lastKnownFileType = sourcecode.c.objc; path = MASLayoutConstraint.m; sourceTree = "<group>"; };
		68AE776B1E63BF95007DC5B6 /* Masonry.h */ = {isa = PBXFileReference; fileEncoding = 4; lastKnownFileType = sourcecode.c.h; path = Masonry.h; sourceTree = "<group>"; };
		68AE776C1E63BF95007DC5B6 /* MASUtilities.h */ = {isa = PBXFileReference; fileEncoding = 4; lastKnownFileType = sourcecode.c.h; path = MASUtilities.h; sourceTree = "<group>"; };
		68AE776D1E63BF95007DC5B6 /* MASViewAttribute.h */ = {isa = PBXFileReference; fileEncoding = 4; lastKnownFileType = sourcecode.c.h; path = MASViewAttribute.h; sourceTree = "<group>"; };
		68AE776E1E63BF95007DC5B6 /* MASViewAttribute.m */ = {isa = PBXFileReference; fileEncoding = 4; lastKnownFileType = sourcecode.c.objc; path = MASViewAttribute.m; sourceTree = "<group>"; };
		68AE776F1E63BF95007DC5B6 /* MASViewConstraint.h */ = {isa = PBXFileReference; fileEncoding = 4; lastKnownFileType = sourcecode.c.h; path = MASViewConstraint.h; sourceTree = "<group>"; };
		68AE77701E63BF95007DC5B6 /* MASViewConstraint.m */ = {isa = PBXFileReference; fileEncoding = 4; lastKnownFileType = sourcecode.c.objc; path = MASViewConstraint.m; sourceTree = "<group>"; };
		68AE77711E63BF95007DC5B6 /* NSArray+MASAdditions.h */ = {isa = PBXFileReference; fileEncoding = 4; lastKnownFileType = sourcecode.c.h; path = "NSArray+MASAdditions.h"; sourceTree = "<group>"; };
		68AE77721E63BF95007DC5B6 /* NSArray+MASAdditions.m */ = {isa = PBXFileReference; fileEncoding = 4; lastKnownFileType = sourcecode.c.objc; path = "NSArray+MASAdditions.m"; sourceTree = "<group>"; };
		68AE77731E63BF95007DC5B6 /* NSArray+MASShorthandAdditions.h */ = {isa = PBXFileReference; fileEncoding = 4; lastKnownFileType = sourcecode.c.h; path = "NSArray+MASShorthandAdditions.h"; sourceTree = "<group>"; };
		68AE77741E63BF95007DC5B6 /* NSLayoutConstraint+MASDebugAdditions.h */ = {isa = PBXFileReference; fileEncoding = 4; lastKnownFileType = sourcecode.c.h; path = "NSLayoutConstraint+MASDebugAdditions.h"; sourceTree = "<group>"; };
		68AE77751E63BF95007DC5B6 /* NSLayoutConstraint+MASDebugAdditions.m */ = {isa = PBXFileReference; fileEncoding = 4; lastKnownFileType = sourcecode.c.objc; path = "NSLayoutConstraint+MASDebugAdditions.m"; sourceTree = "<group>"; };
		68AE77761E63BF95007DC5B6 /* View+MASAdditions.h */ = {isa = PBXFileReference; fileEncoding = 4; lastKnownFileType = sourcecode.c.h; path = "View+MASAdditions.h"; sourceTree = "<group>"; };
		68AE77771E63BF95007DC5B6 /* View+MASAdditions.m */ = {isa = PBXFileReference; fileEncoding = 4; lastKnownFileType = sourcecode.c.objc; path = "View+MASAdditions.m"; sourceTree = "<group>"; };
		68AE77781E63BF95007DC5B6 /* View+MASShorthandAdditions.h */ = {isa = PBXFileReference; fileEncoding = 4; lastKnownFileType = sourcecode.c.h; path = "View+MASShorthandAdditions.h"; sourceTree = "<group>"; };
		68AE77791E63BF95007DC5B6 /* ViewController+MASAdditions.h */ = {isa = PBXFileReference; fileEncoding = 4; lastKnownFileType = sourcecode.c.h; path = "ViewController+MASAdditions.h"; sourceTree = "<group>"; };
		68AE777A1E63BF95007DC5B6 /* ViewController+MASAdditions.m */ = {isa = PBXFileReference; fileEncoding = 4; lastKnownFileType = sourcecode.c.objc; path = "ViewController+MASAdditions.m"; sourceTree = "<group>"; };
		68AE77861E63BFDC007DC5B6 /* playerViewController.h */ = {isa = PBXFileReference; fileEncoding = 4; lastKnownFileType = sourcecode.c.h; path = playerViewController.h; sourceTree = "<group>"; };
		68AE77871E63BFDC007DC5B6 /* playerViewController.m */ = {isa = PBXFileReference; fileEncoding = 4; lastKnownFileType = sourcecode.c.objc; path = playerViewController.m; sourceTree = "<group>"; };
		68AE77891E63C048007DC5B6 /* kqyMusicTool.h */ = {isa = PBXFileReference; fileEncoding = 4; lastKnownFileType = sourcecode.c.h; path = kqyMusicTool.h; sourceTree = "<group>"; };
		68AE778A1E63C048007DC5B6 /* kqyMusicTool.m */ = {isa = PBXFileReference; fileEncoding = 4; lastKnownFileType = sourcecode.c.objc; path = kqyMusicTool.m; sourceTree = "<group>"; };
		68AE778C1E63C050007DC5B6 /* kqyAudioTool.h */ = {isa = PBXFileReference; fileEncoding = 4; lastKnownFileType = sourcecode.c.h; path = kqyAudioTool.h; sourceTree = "<group>"; };
		68AE778D1E63C050007DC5B6 /* kqyAudioTool.m */ = {isa = PBXFileReference; fileEncoding = 4; lastKnownFileType = sourcecode.c.objc; path = kqyAudioTool.m; sourceTree = "<group>"; };
		68AE778F1E63C05E007DC5B6 /* kqyMusicModel.h */ = {isa = PBXFileReference; fileEncoding = 4; lastKnownFileType = sourcecode.c.h; path = kqyMusicModel.h; sourceTree = "<group>"; };
		68AE77901E63C05E007DC5B6 /* kqyMusicModel.m */ = {isa = PBXFileReference; fileEncoding = 4; lastKnownFileType = sourcecode.c.objc; path = kqyMusicModel.m; sourceTree = "<group>"; };
		68AE77921E63C408007DC5B6 /* PrefixHeader.pch */ = {isa = PBXFileReference; lastKnownFileType = sourcecode.c.h; path = PrefixHeader.pch; sourceTree = "<group>"; };
		68AE77941E63CA5F007DC5B6 /* 10405520.mp3 */ = {isa = PBXFileReference; lastKnownFileType = audio.mp3; path = 10405520.mp3; sourceTree = "<group>"; };
		68AE77A81E63CA62007DC5B6 /* Musics.plist */ = {isa = PBXFileReference; fileEncoding = 4; lastKnownFileType = text.plist.xml; path = Musics.plist; sourceTree = "<group>"; };
		68AE77AB1E63CA66007DC5B6 /* 10405520.lrc */ = {isa = PBXFileReference; fileEncoding = 4; lastKnownFileType = text; path = 10405520.lrc; sourceTree = "<group>"; };
		68AE77AC1E63CA66007DC5B6 /* 10736444.lrc */ = {isa = PBXFileReference; fileEncoding = 4; lastKnownFileType = text; path = 10736444.lrc; sourceTree = "<group>"; };
		68AE77AD1E63CA66007DC5B6 /* 120125029.lrc */ = {isa = PBXFileReference; fileEncoding = 4; lastKnownFileType = text; path = 120125029.lrc; sourceTree = "<group>"; };
		68AE77AE1E63CA66007DC5B6 /* 12309111.lrc */ = {isa = PBXFileReference; fileEncoding = 4; lastKnownFileType = text; path = 12309111.lrc; sourceTree = "<group>"; };
		68AE77AF1E63CA66007DC5B6 /* 14945107.lrc */ = {isa = PBXFileReference; fileEncoding = 4; lastKnownFileType = text; path = 14945107.lrc; sourceTree = "<group>"; };
		68AE77B01E63CA66007DC5B6 /* 235319.lrc */ = {isa = PBXFileReference; fileEncoding = 4; lastKnownFileType = text; path = 235319.lrc; sourceTree = "<group>"; };
		68AE77B11E63CA66007DC5B6 /* 255319.lrc */ = {isa = PBXFileReference; fileEncoding = 4; lastKnownFileType = text; path = 255319.lrc; sourceTree = "<group>"; };
		68AE77B21E63CA66007DC5B6 /* 309769.lrc */ = {isa = PBXFileReference; fileEncoding = 4; lastKnownFileType = text; path = 309769.lrc; sourceTree = "<group>"; };
		68AE77B31E63CA66007DC5B6 /* 339744.lrc */ = {isa = PBXFileReference; fileEncoding = 4; lastKnownFileType = text; path = 339744.lrc; sourceTree = "<group>"; };
		68AE77B41E63CA66007DC5B6 /* 月半小夜曲.lrc */ = {isa = PBXFileReference; fileEncoding = 4; lastKnownFileType = text; path = "月半小夜曲.lrc"; sourceTree = "<group>"; };
		68AE77C01E63CA6F007DC5B6 /* bb@2x.jpg */ = {isa = PBXFileReference; lastKnownFileType = image.jpeg; path = "bb@2x.jpg"; sourceTree = "<group>"; };
		68AE77C11E63CA6F007DC5B6 /* bb_icon@2x.jpg */ = {isa = PBXFileReference; lastKnownFileType = image.jpeg; path = "bb_icon@2x.jpg"; sourceTree = "<group>"; };
		68AE77C21E63CA6F007DC5B6 /* dzq@2x.jpg */ = {isa = PBXFileReference; lastKnownFileType = image.jpeg; path = "dzq@2x.jpg"; sourceTree = "<group>"; };
		68AE77C31E63CA6F007DC5B6 /* dzq_icon@2x.jpg */ = {isa = PBXFileReference; lastKnownFileType = image.jpeg; path = "dzq_icon@2x.jpg"; sourceTree = "<group>"; };
		68AE77C41E63CA6F007DC5B6 /* eason@2x.jpg */ = {isa = PBXFileReference; lastKnownFileType = image.jpeg; path = "eason@2x.jpg"; sourceTree = "<group>"; };
		68AE77C51E63CA6F007DC5B6 /* eason_icon@2x.jpg */ = {isa = PBXFileReference; lastKnownFileType = image.jpeg; path = "eason_icon@2x.jpg"; sourceTree = "<group>"; };
		68AE77C61E63CA6F007DC5B6 /* jay@2x.jpg */ = {isa = PBXFileReference; lastKnownFileType = image.jpeg; path = "jay@2x.jpg"; sourceTree = "<group>"; };
		68AE77C71E63CA6F007DC5B6 /* jay_icon@2x.png */ = {isa = PBXFileReference; lastKnownFileType = image.png; path = "jay_icon@2x.png"; sourceTree = "<group>"; };
		68AE77C81E63CA6F007DC5B6 /* jj@2x.jpg */ = {isa = PBXFileReference; lastKnownFileType = image.jpeg; path = "jj@2x.jpg"; sourceTree = "<group>"; };
		68AE77C91E63CA6F007DC5B6 /* jj_icon@2x.png */ = {isa = PBXFileReference; lastKnownFileType = image.png; path = "jj_icon@2x.png"; sourceTree = "<group>"; };
		68AE77CA1E63CA6F007DC5B6 /* kzxd@2x.jpg */ = {isa = PBXFileReference; lastKnownFileType = image.jpeg; path = "kzxd@2x.jpg"; sourceTree = "<group>"; };
		68AE77CB1E63CA6F007DC5B6 /* kzxd_icon@2x.jpg */ = {isa = PBXFileReference; lastKnownFileType = image.jpeg; path = "kzxd_icon@2x.jpg"; sourceTree = "<group>"; };
		68AE77CC1E63CA6F007DC5B6 /* lkq@2x.jpg */ = {isa = PBXFileReference; lastKnownFileType = image.jpeg; path = "lkq@2x.jpg"; sourceTree = "<group>"; };
		68AE77CD1E63CA6F007DC5B6 /* lkq_icon@2x.jpg */ = {isa = PBXFileReference; lastKnownFileType = image.jpeg; path = "lkq_icon@2x.jpg"; sourceTree = "<group>"; };
		68AE77CE1E63CA6F007DC5B6 /* nanquan@2x.jpg */ = {isa = PBXFileReference; lastKnownFileType = image.jpeg; path = "nanquan@2x.jpg"; sourceTree = "<group>"; };
		68AE77CF1E63CA6F007DC5B6 /* nanquan_icon@2x.jpg */ = {isa = PBXFileReference; lastKnownFileType = image.jpeg; path = "nanquan_icon@2x.jpg"; sourceTree = "<group>"; };
		68AE77D01E63CA6F007DC5B6 /* wf@2x.jpg */ = {isa = PBXFileReference; lastKnownFileType = image.jpeg; path = "wf@2x.jpg"; sourceTree = "<group>"; };
		68AE77D11E63CA6F007DC5B6 /* wf_icon@2x.jpg */ = {isa = PBXFileReference; lastKnownFileType = image.jpeg; path = "wf_icon@2x.jpg"; sourceTree = "<group>"; };
		68AE77D21E63CA6F007DC5B6 /* zxy@2x.jpg */ = {isa = PBXFileReference; lastKnownFileType = image.jpeg; path = "zxy@2x.jpg"; sourceTree = "<group>"; };
		68AE77D31E63CA6F007DC5B6 /* zxy_icon@2x.jpg */ = {isa = PBXFileReference; lastKnownFileType = image.jpeg; path = "zxy_icon@2x.jpg"; sourceTree = "<group>"; };
		68AE77E91E63D0D8007DC5B6 /* Info.plist */ = {isa = PBXFileReference; fileEncoding = 4; lastKnownFileType = text.plist.xml; path = Info.plist; sourceTree = "<group>"; };
		68AE77EA1E63D0D8007DC5B6 /* MJExtension.h */ = {isa = PBXFileReference; fileEncoding = 4; lastKnownFileType = sourcecode.c.h; path = MJExtension.h; sourceTree = "<group>"; };
		68AE77EB1E63D0D8007DC5B6 /* MJExtensionConst.h */ = {isa = PBXFileReference; fileEncoding = 4; lastKnownFileType = sourcecode.c.h; path = MJExtensionConst.h; sourceTree = "<group>"; };
		68AE77EC1E63D0D8007DC5B6 /* MJExtensionConst.m */ = {isa = PBXFileReference; fileEncoding = 4; lastKnownFileType = sourcecode.c.objc; path = MJExtensionConst.m; sourceTree = "<group>"; };
		68AE77ED1E63D0D8007DC5B6 /* MJFoundation.h */ = {isa = PBXFileReference; fileEncoding = 4; lastKnownFileType = sourcecode.c.h; path = MJFoundation.h; sourceTree = "<group>"; };
		68AE77EE1E63D0D8007DC5B6 /* MJFoundation.m */ = {isa = PBXFileReference; fileEncoding = 4; lastKnownFileType = sourcecode.c.objc; path = MJFoundation.m; sourceTree = "<group>"; };
		68AE77EF1E63D0D8007DC5B6 /* MJProperty.h */ = {isa = PBXFileReference; fileEncoding = 4; lastKnownFileType = sourcecode.c.h; path = MJProperty.h; sourceTree = "<group>"; };
		68AE77F01E63D0D8007DC5B6 /* MJProperty.m */ = {isa = PBXFileReference; fileEncoding = 4; lastKnownFileType = sourcecode.c.objc; path = MJProperty.m; sourceTree = "<group>"; };
		68AE77F11E63D0D8007DC5B6 /* MJPropertyKey.h */ = {isa = PBXFileReference; fileEncoding = 4; lastKnownFileType = sourcecode.c.h; path = MJPropertyKey.h; sourceTree = "<group>"; };
		68AE77F21E63D0D8007DC5B6 /* MJPropertyKey.m */ = {isa = PBXFileReference; fileEncoding = 4; lastKnownFileType = sourcecode.c.objc; path = MJPropertyKey.m; sourceTree = "<group>"; };
		68AE77F31E63D0D8007DC5B6 /* MJPropertyType.h */ = {isa = PBXFileReference; fileEncoding = 4; lastKnownFileType = sourcecode.c.h; path = MJPropertyType.h; sourceTree = "<group>"; };
		68AE77F41E63D0D8007DC5B6 /* MJPropertyType.m */ = {isa = PBXFileReference; fileEncoding = 4; lastKnownFileType = sourcecode.c.objc; path = MJPropertyType.m; sourceTree = "<group>"; };
		68AE77F51E63D0D8007DC5B6 /* NSObject+MJClass.h */ = {isa = PBXFileReference; fileEncoding = 4; lastKnownFileType = sourcecode.c.h; path = "NSObject+MJClass.h"; sourceTree = "<group>"; };
		68AE77F61E63D0D8007DC5B6 /* NSObject+MJClass.m */ = {isa = PBXFileReference; fileEncoding = 4; lastKnownFileType = sourcecode.c.objc; path = "NSObject+MJClass.m"; sourceTree = "<group>"; };
		68AE77F71E63D0D8007DC5B6 /* NSObject+MJCoding.h */ = {isa = PBXFileReference; fileEncoding = 4; lastKnownFileType = sourcecode.c.h; path = "NSObject+MJCoding.h"; sourceTree = "<group>"; };
		68AE77F81E63D0D8007DC5B6 /* NSObject+MJCoding.m */ = {isa = PBXFileReference; fileEncoding = 4; lastKnownFileType = sourcecode.c.objc; path = "NSObject+MJCoding.m"; sourceTree = "<group>"; };
		68AE77F91E63D0D8007DC5B6 /* NSObject+MJKeyValue.h */ = {isa = PBXFileReference; fileEncoding = 4; lastKnownFileType = sourcecode.c.h; path = "NSObject+MJKeyValue.h"; sourceTree = "<group>"; };
		68AE77FA1E63D0D8007DC5B6 /* NSObject+MJKeyValue.m */ = {isa = PBXFileReference; fileEncoding = 4; lastKnownFileType = sourcecode.c.objc; path = "NSObject+MJKeyValue.m"; sourceTree = "<group>"; };
		68AE77FB1E63D0D8007DC5B6 /* NSObject+MJProperty.h */ = {isa = PBXFileReference; fileEncoding = 4; lastKnownFileType = sourcecode.c.h; path = "NSObject+MJProperty.h"; sourceTree = "<group>"; };
		68AE77FC1E63D0D8007DC5B6 /* NSObject+MJProperty.m */ = {isa = PBXFileReference; fileEncoding = 4; lastKnownFileType = sourcecode.c.objc; path = "NSObject+MJProperty.m"; sourceTree = "<group>"; };
		68AE77FD1E63D0D8007DC5B6 /* NSString+MJExtension.h */ = {isa = PBXFileReference; fileEncoding = 4; lastKnownFileType = sourcecode.c.h; path = "NSString+MJExtension.h"; sourceTree = "<group>"; };
		68AE77FE1E63D0D8007DC5B6 /* NSString+MJExtension.m */ = {isa = PBXFileReference; fileEncoding = 4; lastKnownFileType = sourcecode.c.objc; path = "NSString+MJExtension.m"; sourceTree = "<group>"; };
/* End PBXFileReference section */

/* Begin PBXFrameworksBuildPhase section */
		680332441E4C896000A47DF4 /* Frameworks */ = {
			isa = PBXFrameworksBuildPhase;
			buildActionMask = 2147483647;
			files = (
			);
			runOnlyForDeploymentPostprocessing = 0;
		};
		6803325D1E4C896000A47DF4 /* Frameworks */ = {
			isa = PBXFrameworksBuildPhase;
			buildActionMask = 2147483647;
			files = (
			);
			runOnlyForDeploymentPostprocessing = 0;
		};
		680332681E4C896000A47DF4 /* Frameworks */ = {
			isa = PBXFrameworksBuildPhase;
			buildActionMask = 2147483647;
			files = (
			);
			runOnlyForDeploymentPostprocessing = 0;
		};
/* End PBXFrameworksBuildPhase section */

/* Begin PBXGroup section */
		6803323E1E4C896000A47DF4 = {
			isa = PBXGroup;
			children = (
				680332491E4C896000A47DF4 /* playLocalDownloadMp3 */,
				680332631E4C896000A47DF4 /* playLocalDownloadMp3Tests */,
				6803326E1E4C896000A47DF4 /* playLocalDownloadMp3UITests */,
				680332481E4C896000A47DF4 /* Products */,
			);
			sourceTree = "<group>";
		};
		680332481E4C896000A47DF4 /* Products */ = {
			isa = PBXGroup;
			children = (
				680332471E4C896000A47DF4 /* playLocalDownloadMp3.app */,
				680332601E4C896000A47DF4 /* playLocalDownloadMp3Tests.xctest */,
				6803326B1E4C896000A47DF4 /* playLocalDownloadMp3UITests.xctest */,
			);
			name = Products;
			sourceTree = "<group>";
		};
		680332491E4C896000A47DF4 /* playLocalDownloadMp3 */ = {
			isa = PBXGroup;
			children = (
				68AE77561E63BEE5007DC5B6 /* classes */,
				680332531E4C896000A47DF4 /* Main.storyboard */,
				680332561E4C896000A47DF4 /* Assets.xcassets */,
				680332581E4C896000A47DF4 /* LaunchScreen.storyboard */,
				6803325B1E4C896000A47DF4 /* Info.plist */,
				6803324A1E4C896000A47DF4 /* Supporting Files */,
			);
			path = playLocalDownloadMp3;
			sourceTree = "<group>";
		};
		6803324A1E4C896000A47DF4 /* Supporting Files */ = {
			isa = PBXGroup;
			children = (
				6803324B1E4C896000A47DF4 /* main.m */,
			);
			name = "Supporting Files";
			sourceTree = "<group>";
		};
		680332631E4C896000A47DF4 /* playLocalDownloadMp3Tests */ = {
			isa = PBXGroup;
			children = (
				680332641E4C896000A47DF4 /* playLocalDownloadMp3Tests.m */,
				680332661E4C896000A47DF4 /* Info.plist */,
			);
			path = playLocalDownloadMp3Tests;
			sourceTree = "<group>";
		};
		6803326E1E4C896000A47DF4 /* playLocalDownloadMp3UITests */ = {
			isa = PBXGroup;
			children = (
				6803326F1E4C896000A47DF4 /* playLocalDownloadMp3UITests.m */,
				680332711E4C896000A47DF4 /* Info.plist */,
			);
			path = playLocalDownloadMp3UITests;
			sourceTree = "<group>";
		};
		68AE77561E63BEE5007DC5B6 /* classes */ = {
			isa = PBXGroup;
			children = (
				68AE775E1E63BEE5007DC5B6 /* View */,
				68AE77591E63BEE5007DC5B6 /* Model */,
				68AE77571E63BEE5007DC5B6 /* Controller */,
				68AE775D1E63BEE5007DC5B6 /* Tools */,
				68AE775A1E63BEE5007DC5B6 /* Others */,
				68AE77581E63BEE5007DC5B6 /* Libs */,
			);
			path = classes;
			sourceTree = "<group>";
		};
		68AE77571E63BEE5007DC5B6 /* Controller */ = {
			isa = PBXGroup;
			children = (
				68AE77861E63BFDC007DC5B6 /* playerViewController.h */,
				68AE77871E63BFDC007DC5B6 /* playerViewController.m */,
			);
			path = Controller;
			sourceTree = "<group>";
		};
		68AE77581E63BEE5007DC5B6 /* Libs */ = {
			isa = PBXGroup;
			children = (
				68AE77E81E63D0D8007DC5B6 /* MJExtension */,
				68AE77BF1E63CA6F007DC5B6 /* Images */,
				68AE77AA1E63CA66007DC5B6 /* Lrcs */,
				68AE77A81E63CA62007DC5B6 /* Musics.plist */,
				68AE77931E63CA5F007DC5B6 /* MP3s */,
				68AE77601E63BF95007DC5B6 /* Masonry */,
			);
			path = Libs;
			sourceTree = "<group>";
		};
		68AE77591E63BEE5007DC5B6 /* Model */ = {
			isa = PBXGroup;
			children = (
				68AE778F1E63C05E007DC5B6 /* kqyMusicModel.h */,
				68AE77901E63C05E007DC5B6 /* kqyMusicModel.m */,
			);
			path = Model;
			sourceTree = "<group>";
		};
		68AE775A1E63BEE5007DC5B6 /* Others */ = {
			isa = PBXGroup;
			children = (
				68AE775B1E63BEE5007DC5B6 /* AppDelegate.h */,
				68AE775C1E63BEE5007DC5B6 /* AppDelegate.m */,
				68AE77921E63C408007DC5B6 /* PrefixHeader.pch */,
			);
			path = Others;
			sourceTree = "<group>";
		};
		68AE775D1E63BEE5007DC5B6 /* Tools */ = {
			isa = PBXGroup;
			children = (
				68AE77891E63C048007DC5B6 /* kqyMusicTool.h */,
				68AE778A1E63C048007DC5B6 /* kqyMusicTool.m */,
				68AE778C1E63C050007DC5B6 /* kqyAudioTool.h */,
				68AE778D1E63C050007DC5B6 /* kqyAudioTool.m */,
			);
			path = Tools;
			sourceTree = "<group>";
		};
		68AE775E1E63BEE5007DC5B6 /* View */ = {
			isa = PBXGroup;
			children = (
			);
			path = View;
			sourceTree = "<group>";
		};
		68AE77601E63BF95007DC5B6 /* Masonry */ = {
			isa = PBXGroup;
			children = (
				68AE77611E63BF95007DC5B6 /* Info.plist */,
				68AE77621E63BF95007DC5B6 /* MASCompositeConstraint.h */,
				68AE77631E63BF95007DC5B6 /* MASCompositeConstraint.m */,
				68AE77641E63BF95007DC5B6 /* MASConstraint+Private.h */,
				68AE77651E63BF95007DC5B6 /* MASConstraint.h */,
				68AE77661E63BF95007DC5B6 /* MASConstraint.m */,
				68AE77671E63BF95007DC5B6 /* MASConstraintMaker.h */,
				68AE77681E63BF95007DC5B6 /* MASConstraintMaker.m */,
				68AE77691E63BF95007DC5B6 /* MASLayoutConstraint.h */,
				68AE776A1E63BF95007DC5B6 /* MASLayoutConstraint.m */,
				68AE776B1E63BF95007DC5B6 /* Masonry.h */,
				68AE776C1E63BF95007DC5B6 /* MASUtilities.h */,
				68AE776D1E63BF95007DC5B6 /* MASViewAttribute.h */,
				68AE776E1E63BF95007DC5B6 /* MASViewAttribute.m */,
				68AE776F1E63BF95007DC5B6 /* MASViewConstraint.h */,
				68AE77701E63BF95007DC5B6 /* MASViewConstraint.m */,
				68AE77711E63BF95007DC5B6 /* NSArray+MASAdditions.h */,
				68AE77721E63BF95007DC5B6 /* NSArray+MASAdditions.m */,
				68AE77731E63BF95007DC5B6 /* NSArray+MASShorthandAdditions.h */,
				68AE77741E63BF95007DC5B6 /* NSLayoutConstraint+MASDebugAdditions.h */,
				68AE77751E63BF95007DC5B6 /* NSLayoutConstraint+MASDebugAdditions.m */,
				68AE77761E63BF95007DC5B6 /* View+MASAdditions.h */,
				68AE77771E63BF95007DC5B6 /* View+MASAdditions.m */,
				68AE77781E63BF95007DC5B6 /* View+MASShorthandAdditions.h */,
				68AE77791E63BF95007DC5B6 /* ViewController+MASAdditions.h */,
				68AE777A1E63BF95007DC5B6 /* ViewController+MASAdditions.m */,
			);
			path = Masonry;
			sourceTree = "<group>";
		};
		68AE77931E63CA5F007DC5B6 /* MP3s */ = {
			isa = PBXGroup;
			children = (
				68AE77941E63CA5F007DC5B6 /* 10405520.mp3 */,
				687BE73E1EEE9CD500CFF08A /* 002.mp3 */,
				687BE73F1EEE9CD500CFF08A /* 001.mp3 */,
			);
			path = MP3s;
			sourceTree = "<group>";
		};
		68AE77AA1E63CA66007DC5B6 /* Lrcs */ = {
			isa = PBXGroup;
			children = (
				68AE77AB1E63CA66007DC5B6 /* 10405520.lrc */,
				68AE77AC1E63CA66007DC5B6 /* 10736444.lrc */,
				68AE77AD1E63CA66007DC5B6 /* 120125029.lrc */,
				68AE77AE1E63CA66007DC5B6 /* 12309111.lrc */,
				68AE77AF1E63CA66007DC5B6 /* 14945107.lrc */,
				68AE77B01E63CA66007DC5B6 /* 235319.lrc */,
				68AE77B11E63CA66007DC5B6 /* 255319.lrc */,
				68AE77B21E63CA66007DC5B6 /* 309769.lrc */,
				68AE77B31E63CA66007DC5B6 /* 339744.lrc */,
				68AE77B41E63CA66007DC5B6 /* 月半小夜曲.lrc */,
			);
			path = Lrcs;
			sourceTree = "<group>";
		};
		68AE77BF1E63CA6F007DC5B6 /* Images */ = {
			isa = PBXGroup;
			children = (
				68AE77C01E63CA6F007DC5B6 /* bb@2x.jpg */,
				68AE77C11E63CA6F007DC5B6 /* bb_icon@2x.jpg */,
				68AE77C21E63CA6F007DC5B6 /* dzq@2x.jpg */,
				68AE77C31E63CA6F007DC5B6 /* dzq_icon@2x.jpg */,
				68AE77C41E63CA6F007DC5B6 /* eason@2x.jpg */,
				68AE77C51E63CA6F007DC5B6 /* eason_icon@2x.jpg */,
				68AE77C61E63CA6F007DC5B6 /* jay@2x.jpg */,
				68AE77C71E63CA6F007DC5B6 /* jay_icon@2x.png */,
				68AE77C81E63CA6F007DC5B6 /* jj@2x.jpg */,
				68AE77C91E63CA6F007DC5B6 /* jj_icon@2x.png */,
				68AE77CA1E63CA6F007DC5B6 /* kzxd@2x.jpg */,
				68AE77CB1E63CA6F007DC5B6 /* kzxd_icon@2x.jpg */,
				68AE77CC1E63CA6F007DC5B6 /* lkq@2x.jpg */,
				68AE77CD1E63CA6F007DC5B6 /* lkq_icon@2x.jpg */,
				68AE77CE1E63CA6F007DC5B6 /* nanquan@2x.jpg */,
				68AE77CF1E63CA6F007DC5B6 /* nanquan_icon@2x.jpg */,
				68AE77D01E63CA6F007DC5B6 /* wf@2x.jpg */,
				68AE77D11E63CA6F007DC5B6 /* wf_icon@2x.jpg */,
				68AE77D21E63CA6F007DC5B6 /* zxy@2x.jpg */,
				68AE77D31E63CA6F007DC5B6 /* zxy_icon@2x.jpg */,
			);
			path = Images;
			sourceTree = "<group>";
		};
		68AE77E81E63D0D8007DC5B6 /* MJExtension */ = {
			isa = PBXGroup;
			children = (
				68AE77E91E63D0D8007DC5B6 /* Info.plist */,
				68AE77EA1E63D0D8007DC5B6 /* MJExtension.h */,
				68AE77EB1E63D0D8007DC5B6 /* MJExtensionConst.h */,
				68AE77EC1E63D0D8007DC5B6 /* MJExtensionConst.m */,
				68AE77ED1E63D0D8007DC5B6 /* MJFoundation.h */,
				68AE77EE1E63D0D8007DC5B6 /* MJFoundation.m */,
				68AE77EF1E63D0D8007DC5B6 /* MJProperty.h */,
				68AE77F01E63D0D8007DC5B6 /* MJProperty.m */,
				68AE77F11E63D0D8007DC5B6 /* MJPropertyKey.h */,
				68AE77F21E63D0D8007DC5B6 /* MJPropertyKey.m */,
				68AE77F31E63D0D8007DC5B6 /* MJPropertyType.h */,
				68AE77F41E63D0D8007DC5B6 /* MJPropertyType.m */,
				68AE77F51E63D0D8007DC5B6 /* NSObject+MJClass.h */,
				68AE77F61E63D0D8007DC5B6 /* NSObject+MJClass.m */,
				68AE77F71E63D0D8007DC5B6 /* NSObject+MJCoding.h */,
				68AE77F81E63D0D8007DC5B6 /* NSObject+MJCoding.m */,
				68AE77F91E63D0D8007DC5B6 /* NSObject+MJKeyValue.h */,
				68AE77FA1E63D0D8007DC5B6 /* NSObject+MJKeyValue.m */,
				68AE77FB1E63D0D8007DC5B6 /* NSObject+MJProperty.h */,
				68AE77FC1E63D0D8007DC5B6 /* NSObject+MJProperty.m */,
				68AE77FD1E63D0D8007DC5B6 /* NSString+MJExtension.h */,
				68AE77FE1E63D0D8007DC5B6 /* NSString+MJExtension.m */,
			);
			path = MJExtension;
			sourceTree = "<group>";
		};
/* End PBXGroup section */

/* Begin PBXNativeTarget section */
		680332461E4C896000A47DF4 /* playLocalDownloadMp3 */ = {
			isa = PBXNativeTarget;
			buildConfigurationList = 680332741E4C896000A47DF4 /* Build configuration list for PBXNativeTarget "playLocalDownloadMp3" */;
			buildPhases = (
				680332431E4C896000A47DF4 /* Sources */,
				680332441E4C896000A47DF4 /* Frameworks */,
				680332451E4C896000A47DF4 /* Resources */,
			);
			buildRules = (
			);
			dependencies = (
			);
			name = playLocalDownloadMp3;
			productName = playLocalDownloadMp3;
			productReference = 680332471E4C896000A47DF4 /* playLocalDownloadMp3.app */;
			productType = "com.apple.product-type.application";
		};
		6803325F1E4C896000A47DF4 /* playLocalDownloadMp3Tests */ = {
			isa = PBXNativeTarget;
			buildConfigurationList = 680332771E4C896000A47DF4 /* Build configuration list for PBXNativeTarget "playLocalDownloadMp3Tests" */;
			buildPhases = (
				6803325C1E4C896000A47DF4 /* Sources */,
				6803325D1E4C896000A47DF4 /* Frameworks */,
				6803325E1E4C896000A47DF4 /* Resources */,
			);
			buildRules = (
			);
			dependencies = (
				680332621E4C896000A47DF4 /* PBXTargetDependency */,
			);
			name = playLocalDownloadMp3Tests;
			productName = playLocalDownloadMp3Tests;
			productReference = 680332601E4C896000A47DF4 /* playLocalDownloadMp3Tests.xctest */;
			productType = "com.apple.product-type.bundle.unit-test";
		};
		6803326A1E4C896000A47DF4 /* playLocalDownloadMp3UITests */ = {
			isa = PBXNativeTarget;
			buildConfigurationList = 6803327A1E4C896000A47DF4 /* Build configuration list for PBXNativeTarget "playLocalDownloadMp3UITests" */;
			buildPhases = (
				680332671E4C896000A47DF4 /* Sources */,
				680332681E4C896000A47DF4 /* Frameworks */,
				680332691E4C896000A47DF4 /* Resources */,
			);
			buildRules = (
			);
			dependencies = (
				6803326D1E4C896000A47DF4 /* PBXTargetDependency */,
			);
			name = playLocalDownloadMp3UITests;
			productName = playLocalDownloadMp3UITests;
			productReference = 6803326B1E4C896000A47DF4 /* playLocalDownloadMp3UITests.xctest */;
			productType = "com.apple.product-type.bundle.ui-testing";
		};
/* End PBXNativeTarget section */

/* Begin PBXProject section */
		6803323F1E4C896000A47DF4 /* Project object */ = {
			isa = PBXProject;
			attributes = {
				LastUpgradeCheck = 0820;
				ORGANIZATIONNAME = KQY;
				TargetAttributes = {
					680332461E4C896000A47DF4 = {
						CreatedOnToolsVersion = 8.2.1;
						DevelopmentTeam = 5FRNVXEJCB;
						ProvisioningStyle = Automatic;
					};
					6803325F1E4C896000A47DF4 = {
						CreatedOnToolsVersion = 8.2.1;
						ProvisioningStyle = Automatic;
						TestTargetID = 680332461E4C896000A47DF4;
					};
					6803326A1E4C896000A47DF4 = {
						CreatedOnToolsVersion = 8.2.1;
						ProvisioningStyle = Automatic;
						TestTargetID = 680332461E4C896000A47DF4;
					};
				};
			};
			buildConfigurationList = 680332421E4C896000A47DF4 /* Build configuration list for PBXProject "playLocalDownloadMp3" */;
			compatibilityVersion = "Xcode 3.2";
			developmentRegion = English;
			hasScannedForEncodings = 0;
			knownRegions = (
				en,
				Base,
			);
			mainGroup = 6803323E1E4C896000A47DF4;
			productRefGroup = 680332481E4C896000A47DF4 /* Products */;
			projectDirPath = "";
			projectRoot = "";
			targets = (
				680332461E4C896000A47DF4 /* playLocalDownloadMp3 */,
				6803325F1E4C896000A47DF4 /* playLocalDownloadMp3Tests */,
				6803326A1E4C896000A47DF4 /* playLocalDownloadMp3UITests */,
			);
		};
/* End PBXProject section */

/* Begin PBXResourcesBuildPhase section */
		680332451E4C896000A47DF4 /* Resources */ = {
			isa = PBXResourcesBuildPhase;
			buildActionMask = 2147483647;
			files = (
				68AE77DC1E63CA6F007DC5B6 /* jj@2x.jpg in Resources */,
				68AE77B71E63CA66007DC5B6 /* 120125029.lrc in Resources */,
				68AE77D51E63CA6F007DC5B6 /* bb_icon@2x.jpg in Resources */,
				68AE777B1E63BF95007DC5B6 /* Info.plist in Resources */,
				68AE77E41E63CA6F007DC5B6 /* wf@2x.jpg in Resources */,
				68AE77D61E63CA6F007DC5B6 /* dzq@2x.jpg in Resources */,
				68AE77DA1E63CA6F007DC5B6 /* jay@2x.jpg in Resources */,
				68AE77FF1E63D0D8007DC5B6 /* Info.plist in Resources */,
				687BE7401EEE9CD500CFF08A /* 002.mp3 in Resources */,
				68AE77E01E63CA6F007DC5B6 /* lkq@2x.jpg in Resources */,
				68AE77BE1E63CA66007DC5B6 /* 月半小夜曲.lrc in Resources */,
				68AE77D81E63CA6F007DC5B6 /* eason@2x.jpg in Resources */,
				68AE77E61E63CA6F007DC5B6 /* zxy@2x.jpg in Resources */,
				68AE77DB1E63CA6F007DC5B6 /* jay_icon@2x.png in Resources */,
				6803325A1E4C896000A47DF4 /* LaunchScreen.storyboard in Resources */,
				68AE77DD1E63CA6F007DC5B6 /* jj_icon@2x.png in Resources */,
				68AE77BC1E63CA66007DC5B6 /* 309769.lrc in Resources */,
				68AE77E11E63CA6F007DC5B6 /* lkq_icon@2x.jpg in Resources */,
				68AE779E1E63CA5F007DC5B6 /* 10405520.mp3 in Resources */,
				68AE77BA1E63CA66007DC5B6 /* 235319.lrc in Resources */,
				68AE77E71E63CA6F007DC5B6 /* zxy_icon@2x.jpg in Resources */,
				68AE77A91E63CA62007DC5B6 /* Musics.plist in Resources */,
				68AE77D71E63CA6F007DC5B6 /* dzq_icon@2x.jpg in Resources */,
				68AE77D41E63CA6F007DC5B6 /* bb@2x.jpg in Resources */,
				68AE77BB1E63CA66007DC5B6 /* 255319.lrc in Resources */,
				68AE77B51E63CA66007DC5B6 /* 10405520.lrc in Resources */,
				68AE77B91E63CA66007DC5B6 /* 14945107.lrc in Resources */,
				680332571E4C896000A47DF4 /* Assets.xcassets in Resources */,
				68AE77DE1E63CA6F007DC5B6 /* kzxd@2x.jpg in Resources */,
				68AE77DF1E63CA6F007DC5B6 /* kzxd_icon@2x.jpg in Resources */,
				68AE77E21E63CA6F007DC5B6 /* nanquan@2x.jpg in Resources */,
				68AE77E51E63CA6F007DC5B6 /* wf_icon@2x.jpg in Resources */,
				68AE77B61E63CA66007DC5B6 /* 10736444.lrc in Resources */,
				68AE77B81E63CA66007DC5B6 /* 12309111.lrc in Resources */,
				68AE77D91E63CA6F007DC5B6 /* eason_icon@2x.jpg in Resources */,
				68AE77E31E63CA6F007DC5B6 /* nanquan_icon@2x.jpg in Resources */,
				687BE7411EEE9CD500CFF08A /* 001.mp3 in Resources */,
				680332551E4C896000A47DF4 /* Main.storyboard in Resources */,
				68AE77BD1E63CA66007DC5B6 /* 339744.lrc in Resources */,
			);
			runOnlyForDeploymentPostprocessing = 0;
		};
		6803325E1E4C896000A47DF4 /* Resources */ = {
			isa = PBXResourcesBuildPhase;
			buildActionMask = 2147483647;
			files = (
			);
			runOnlyForDeploymentPostprocessing = 0;
		};
		680332691E4C896000A47DF4 /* Resources */ = {
			isa = PBXResourcesBuildPhase;
			buildActionMask = 2147483647;
			files = (
			);
			runOnlyForDeploymentPostprocessing = 0;
		};
/* End PBXResourcesBuildPhase section */

/* Begin PBXSourcesBuildPhase section */
		680332431E4C896000A47DF4 /* Sources */ = {
			isa = PBXSourcesBuildPhase;
			buildActionMask = 2147483647;
			files = (
				68AE777D1E63BF95007DC5B6 /* MASConstraint.m in Sources */,
				68AE78021E63D0D8007DC5B6 /* MJProperty.m in Sources */,
				68AE77911E63C05E007DC5B6 /* kqyMusicModel.m in Sources */,
				68AE78001E63D0D8007DC5B6 /* MJExtensionConst.m in Sources */,
				68AE78011E63D0D8007DC5B6 /* MJFoundation.m in Sources */,
				68AE77801E63BF95007DC5B6 /* MASViewAttribute.m in Sources */,
				68AE78091E63D0D8007DC5B6 /* NSString+MJExtension.m in Sources */,
				68AE77851E63BF95007DC5B6 /* ViewController+MASAdditions.m in Sources */,
				68AE78031E63D0D8007DC5B6 /* MJPropertyKey.m in Sources */,
				68AE777E1E63BF95007DC5B6 /* MASConstraintMaker.m in Sources */,
				68AE77831E63BF95007DC5B6 /* NSLayoutConstraint+MASDebugAdditions.m in Sources */,
				68AE775F1E63BEE5007DC5B6 /* AppDelegate.m in Sources */,
				68AE777C1E63BF95007DC5B6 /* MASCompositeConstraint.m in Sources */,
				68AE78081E63D0D8007DC5B6 /* NSObject+MJProperty.m in Sources */,
				68AE78041E63D0D8007DC5B6 /* MJPropertyType.m in Sources */,
				68AE77881E63BFDC007DC5B6 /* playerViewController.m in Sources */,
				68AE77841E63BF95007DC5B6 /* View+MASAdditions.m in Sources */,
				68AE77821E63BF95007DC5B6 /* NSArray+MASAdditions.m in Sources */,
				68AE78071E63D0D8007DC5B6 /* NSObject+MJKeyValue.m in Sources */,
				68AE777F1E63BF95007DC5B6 /* MASLayoutConstraint.m in Sources */,
				68AE78051E63D0D8007DC5B6 /* NSObject+MJClass.m in Sources */,
				68AE78061E63D0D8007DC5B6 /* NSObject+MJCoding.m in Sources */,
				6803324C1E4C896000A47DF4 /* main.m in Sources */,
				68AE77811E63BF95007DC5B6 /* MASViewConstraint.m in Sources */,
				68AE778E1E63C050007DC5B6 /* kqyAudioTool.m in Sources */,
				68AE778B1E63C048007DC5B6 /* kqyMusicTool.m in Sources */,
			);
			runOnlyForDeploymentPostprocessing = 0;
		};
		6803325C1E4C896000A47DF4 /* Sources */ = {
			isa = PBXSourcesBuildPhase;
			buildActionMask = 2147483647;
			files = (
				680332651E4C896000A47DF4 /* playLocalDownloadMp3Tests.m in Sources */,
			);
			runOnlyForDeploymentPostprocessing = 0;
		};
		680332671E4C896000A47DF4 /* Sources */ = {
			isa = PBXSourcesBuildPhase;
			buildActionMask = 2147483647;
			files = (
				680332701E4C896000A47DF4 /* playLocalDownloadMp3UITests.m in Sources */,
			);
			runOnlyForDeploymentPostprocessing = 0;
		};
/* End PBXSourcesBuildPhase section */

/* Begin PBXTargetDependency section */
		680332621E4C896000A47DF4 /* PBXTargetDependency */ = {
			isa = PBXTargetDependency;
			target = 680332461E4C896000A47DF4 /* playLocalDownloadMp3 */;
			targetProxy = 680332611E4C896000A47DF4 /* PBXContainerItemProxy */;
		};
		6803326D1E4C896000A47DF4 /* PBXTargetDependency */ = {
			isa = PBXTargetDependency;
			target = 680332461E4C896000A47DF4 /* playLocalDownloadMp3 */;
			targetProxy = 6803326C1E4C896000A47DF4 /* PBXContainerItemProxy */;
		};
/* End PBXTargetDependency section */

/* Begin PBXVariantGroup section */
		680332531E4C896000A47DF4 /* Main.storyboard */ = {
			isa = PBXVariantGroup;
			children = (
				680332541E4C896000A47DF4 /* Base */,
			);
			name = Main.storyboard;
			sourceTree = "<group>";
		};
		680332581E4C896000A47DF4 /* LaunchScreen.storyboard */ = {
			isa = PBXVariantGroup;
			children = (
				680332591E4C896000A47DF4 /* Base */,
			);
			name = LaunchScreen.storyboard;
			sourceTree = "<group>";
		};
/* End PBXVariantGroup section */

/* Begin XCBuildConfiguration section */
		680332721E4C896000A47DF4 /* Debug */ = {
			isa = XCBuildConfiguration;
			buildSettings = {
				ALWAYS_SEARCH_USER_PATHS = NO;
				CLANG_ANALYZER_NONNULL = YES;
				CLANG_CXX_LANGUAGE_STANDARD = "gnu++0x";
				CLANG_CXX_LIBRARY = "libc++";
				CLANG_ENABLE_MODULES = YES;
				CLANG_ENABLE_OBJC_ARC = YES;
				CLANG_WARN_BOOL_CONVERSION = YES;
				CLANG_WARN_CONSTANT_CONVERSION = YES;
				CLANG_WARN_DIRECT_OBJC_ISA_USAGE = YES_ERROR;
				CLANG_WARN_DOCUMENTATION_COMMENTS = YES;
				CLANG_WARN_EMPTY_BODY = YES;
				CLANG_WARN_ENUM_CONVERSION = YES;
				CLANG_WARN_INFINITE_RECURSION = YES;
				CLANG_WARN_INT_CONVERSION = YES;
				CLANG_WARN_OBJC_ROOT_CLASS = YES_ERROR;
				CLANG_WARN_SUSPICIOUS_MOVE = YES;
				CLANG_WARN_UNREACHABLE_CODE = YES;
				CLANG_WARN__DUPLICATE_METHOD_MATCH = YES;
				"CODE_SIGN_IDENTITY[sdk=iphoneos*]" = "iPhone Developer";
				COPY_PHASE_STRIP = NO;
				DEBUG_INFORMATION_FORMAT = dwarf;
				ENABLE_STRICT_OBJC_MSGSEND = YES;
				ENABLE_TESTABILITY = YES;
				GCC_C_LANGUAGE_STANDARD = gnu99;
				GCC_DYNAMIC_NO_PIC = NO;
				GCC_NO_COMMON_BLOCKS = YES;
				GCC_OPTIMIZATION_LEVEL = 0;
				GCC_PREPROCESSOR_DEFINITIONS = (
					"DEBUG=1",
					"$(inherited)",
				);
				GCC_WARN_64_TO_32_BIT_CONVERSION = YES;
				GCC_WARN_ABOUT_RETURN_TYPE = YES_ERROR;
				GCC_WARN_UNDECLARED_SELECTOR = YES;
				GCC_WARN_UNINITIALIZED_AUTOS = YES_AGGRESSIVE;
				GCC_WARN_UNUSED_FUNCTION = YES;
				GCC_WARN_UNUSED_VARIABLE = YES;
				IPHONEOS_DEPLOYMENT_TARGET = 10.2;
				MTL_ENABLE_DEBUG_INFO = YES;
				ONLY_ACTIVE_ARCH = YES;
				SDKROOT = iphoneos;
			};
			name = Debug;
		};
		680332731E4C896000A47DF4 /* Release */ = {
			isa = XCBuildConfiguration;
			buildSettings = {
				ALWAYS_SEARCH_USER_PATHS = NO;
				CLANG_ANALYZER_NONNULL = YES;
				CLANG_CXX_LANGUAGE_STANDARD = "gnu++0x";
				CLANG_CXX_LIBRARY = "libc++";
				CLANG_ENABLE_MODULES = YES;
				CLANG_ENABLE_OBJC_ARC = YES;
				CLANG_WARN_BOOL_CONVERSION = YES;
				CLANG_WARN_CONSTANT_CONVERSION = YES;
				CLANG_WARN_DIRECT_OBJC_ISA_USAGE = YES_ERROR;
				CLANG_WARN_DOCUMENTATION_COMMENTS = YES;
				CLANG_WARN_EMPTY_BODY = YES;
				CLANG_WARN_ENUM_CONVERSION = YES;
				CLANG_WARN_INFINITE_RECURSION = YES;
				CLANG_WARN_INT_CONVERSION = YES;
				CLANG_WARN_OBJC_ROOT_CLASS = YES_ERROR;
				CLANG_WARN_SUSPICIOUS_MOVE = YES;
				CLANG_WARN_UNREACHABLE_CODE = YES;
				CLANG_WARN__DUPLICATE_METHOD_MATCH = YES;
				"CODE_SIGN_IDENTITY[sdk=iphoneos*]" = "iPhone Developer";
				COPY_PHASE_STRIP = NO;
				DEBUG_INFORMATION_FORMAT = "dwarf-with-dsym";
				ENABLE_NS_ASSERTIONS = NO;
				ENABLE_STRICT_OBJC_MSGSEND = YES;
				GCC_C_LANGUAGE_STANDARD = gnu99;
				GCC_NO_COMMON_BLOCKS = YES;
				GCC_WARN_64_TO_32_BIT_CONVERSION = YES;
				GCC_WARN_ABOUT_RETURN_TYPE = YES_ERROR;
				GCC_WARN_UNDECLARED_SELECTOR = YES;
				GCC_WARN_UNINITIALIZED_AUTOS = YES_AGGRESSIVE;
				GCC_WARN_UNUSED_FUNCTION = YES;
				GCC_WARN_UNUSED_VARIABLE = YES;
				IPHONEOS_DEPLOYMENT_TARGET = 10.2;
				MTL_ENABLE_DEBUG_INFO = NO;
				SDKROOT = iphoneos;
				VALIDATE_PRODUCT = YES;
			};
			name = Release;
		};
		680332751E4C896000A47DF4 /* Debug */ = {
			isa = XCBuildConfiguration;
			buildSettings = {
				ASSETCATALOG_COMPILER_APPICON_NAME = AppIcon;
				DEVELOPMENT_TEAM = 5FRNVXEJCB;
				GCC_PRECOMPILE_PREFIX_HEADER = YES;
				GCC_PREFIX_HEADER = "$(SRCROOT)/playLocalDownloadMp3/classes/Others/PrefixHeader.pch";
				INFOPLIST_FILE = playLocalDownloadMp3/Info.plist;
				IPHONEOS_DEPLOYMENT_TARGET = 10.3;
				LD_RUNPATH_SEARCH_PATHS = "$(inherited) @executable_path/Frameworks";
				PRODUCT_BUNDLE_IDENTIFIER = hust.playLocalDownloadMp3;
				PRODUCT_NAME = "$(TARGET_NAME)";
			};
			name = Debug;
		};
		680332761E4C896000A47DF4 /* Release */ = {
			isa = XCBuildConfiguration;
			buildSettings = {
				ASSETCATALOG_COMPILER_APPICON_NAME = AppIcon;
				DEVELOPMENT_TEAM = 5FRNVXEJCB;
				GCC_PRECOMPILE_PREFIX_HEADER = YES;
				GCC_PREFIX_HEADER = "$(SRCROOT)/playLocalDownloadMp3/classes/Others/PrefixHeader.pch";
				INFOPLIST_FILE = playLocalDownloadMp3/Info.plist;
				IPHONEOS_DEPLOYMENT_TARGET = 10.3;
				LD_RUNPATH_SEARCH_PATHS = "$(inherited) @executable_path/Frameworks";
				PRODUCT_BUNDLE_IDENTIFIER = hust.playLocalDownloadMp3;
				PRODUCT_NAME = "$(TARGET_NAME)";
			};
			name = Release;
		};
		680332781E4C896000A47DF4 /* Debug */ = {
			isa = XCBuildConfiguration;
			buildSettings = {
				BUNDLE_LOADER = "$(TEST_HOST)";
				INFOPLIST_FILE = playLocalDownloadMp3Tests/Info.plist;
				LD_RUNPATH_SEARCH_PATHS = "$(inherited) @executable_path/Frameworks @loader_path/Frameworks";
				PRODUCT_BUNDLE_IDENTIFIER = hust.playLocalDownloadMp3Tests;
				PRODUCT_NAME = "$(TARGET_NAME)";
				TEST_HOST = "$(BUILT_PRODUCTS_DIR)/playLocalDownloadMp3.app/playLocalDownloadMp3";
			};
			name = Debug;
		};
		680332791E4C896000A47DF4 /* Release */ = {
			isa = XCBuildConfiguration;
			buildSettings = {
				BUNDLE_LOADER = "$(TEST_HOST)";
				INFOPLIST_FILE = playLocalDownloadMp3Tests/Info.plist;
				LD_RUNPATH_SEARCH_PATHS = "$(inherited) @executable_path/Frameworks @loader_path/Frameworks";
				PRODUCT_BUNDLE_IDENTIFIER = hust.playLocalDownloadMp3Tests;
				PRODUCT_NAME = "$(TARGET_NAME)";
				TEST_HOST = "$(BUILT_PRODUCTS_DIR)/playLocalDownloadMp3.app/playLocalDownloadMp3";
			};
			name = Release;
		};
		6803327B1E4C896000A47DF4 /* Debug */ = {
			isa = XCBuildConfiguration;
			buildSettings = {
				INFOPLIST_FILE = playLocalDownloadMp3UITests/Info.plist;
				LD_RUNPATH_SEARCH_PATHS = "$(inherited) @executable_path/Frameworks @loader_path/Frameworks";
				PRODUCT_BUNDLE_IDENTIFIER = hust.playLocalDownloadMp3UITests;
				PRODUCT_NAME = "$(TARGET_NAME)";
				TEST_TARGET_NAME = playLocalDownloadMp3;
			};
			name = Debug;
		};
		6803327C1E4C896000A47DF4 /* Release */ = {
			isa = XCBuildConfiguration;
			buildSettings = {
				INFOPLIST_FILE = playLocalDownloadMp3UITests/Info.plist;
				LD_RUNPATH_SEARCH_PATHS = "$(inherited) @executable_path/Frameworks @loader_path/Frameworks";
				PRODUCT_BUNDLE_IDENTIFIER = hust.playLocalDownloadMp3UITests;
				PRODUCT_NAME = "$(TARGET_NAME)";
				TEST_TARGET_NAME = playLocalDownloadMp3;
			};
			name = Release;
		};
/* End XCBuildConfiguration section */

/* Begin XCConfigurationList section */
		680332421E4C896000A47DF4 /* Build configuration list for PBXProject "playLocalDownloadMp3" */ = {
			isa = XCConfigurationList;
			buildConfigurations = (
				680332721E4C896000A47DF4 /* Debug */,
				680332731E4C896000A47DF4 /* Release */,
			);
			defaultConfigurationIsVisible = 0;
			defaultConfigurationName = Release;
		};
		680332741E4C896000A47DF4 /* Build configuration list for PBXNativeTarget "playLocalDownloadMp3" */ = {
			isa = XCConfigurationList;
			buildConfigurations = (
				680332751E4C896000A47DF4 /* Debug */,
				680332761E4C896000A47DF4 /* Release */,
			);
			defaultConfigurationIsVisible = 0;
			defaultConfigurationName = Release;
		};
		680332771E4C896000A47DF4 /* Build configuration list for PBXNativeTarget "playLocalDownloadMp3Tests" */ = {
			isa = XCConfigurationList;
			buildConfigurations = (
				680332781E4C896000A47DF4 /* Debug */,
				680332791E4C896000A47DF4 /* Release */,
			);
			defaultConfigurationIsVisible = 0;
			defaultConfigurationName = Release;
		};
		6803327A1E4C896000A47DF4 /* Build configuration list for PBXNativeTarget "playLocalDownloadMp3UITests" */ = {
			isa = XCConfigurationList;
			buildConfigurations = (
				6803327B1E4C896000A47DF4 /* Debug */,
				6803327C1E4C896000A47DF4 /* Release */,
			);
			defaultConfigurationIsVisible = 0;
			defaultConfigurationName = Release;
		};
/* End XCConfigurationList section */
	};
	rootObject = 6803323F1E4C896000A47DF4 /* Project object */;
}
