// !$*UTF8*$!
{
	archiveVersion = 1;
	classes = {
	};
	objectVersion = 46;
	objects = {

/* Begin PBXBuildFile section */
		6804ABFC1D7D0BC7008DC2C4 /* main.m in Sources */ = {isa = PBXBuildFile; fileRef = 6804ABFB1D7D0BC7008DC2C4 /* main.m */; };
		6804AC051D7D0BC7008DC2C4 /* Main.storyboard in Resources */ = {isa = PBXBuildFile; fileRef = 6804AC031D7D0BC7008DC2C4 /* Main.storyboard */; };
		6804AC071D7D0BC7008DC2C4 /* Assets.xcassets in Resources */ = {isa = PBXBuildFile; fileRef = 6804AC061D7D0BC7008DC2C4 /* Assets.xcassets */; };
		6804AC0A1D7D0BC7008DC2C4 /* LaunchScreen.storyboard in Resources */ = {isa = PBXBuildFile; fileRef = 6804AC081D7D0BC7008DC2C4 /* LaunchScreen.storyboard */; };
		6804AC2D1D7D0D30008DC2C4 /* AppDelegate.m in Sources */ = {isa = PBXBuildFile; fileRef = 6804AC2C1D7D0D30008DC2C4 /* AppDelegate.m */; };
		6804AC301D7D0E9F008DC2C4 /* kqyArenaViewController.m in Sources */ = {isa = PBXBuildFile; fileRef = 6804AC2F1D7D0E9F008DC2C4 /* kqyArenaViewController.m */; };
		6804AC331D7D0EC5008DC2C4 /* kqyDiscoveryViewController.m in Sources */ = {isa = PBXBuildFile; fileRef = 6804AC321D7D0EC5008DC2C4 /* kqyDiscoveryViewController.m */; };
		6804AC361D7D0EDD008DC2C4 /* kqyHistoryViewController.m in Sources */ = {isa = PBXBuildFile; fileRef = 6804AC351D7D0EDD008DC2C4 /* kqyHistoryViewController.m */; };
		6804AC391D7D0EFA008DC2C4 /* kqyHallViewController.m in Sources */ = {isa = PBXBuildFile; fileRef = 6804AC381D7D0EFA008DC2C4 /* kqyHallViewController.m */; };
		6804AC3C1D7D0F17008DC2C4 /* kqyMyLotteryViewController.m in Sources */ = {isa = PBXBuildFile; fileRef = 6804AC3B1D7D0F17008DC2C4 /* kqyMyLotteryViewController.m */; };
		6804AC3F1D7D0FCE008DC2C4 /* kqyTabBarViewController.m in Sources */ = {isa = PBXBuildFile; fileRef = 6804AC3E1D7D0FCE008DC2C4 /* kqyTabBarViewController.m */; };
		6804AC421D7D0FE1008DC2C4 /* kqyNavViewController.m in Sources */ = {isa = PBXBuildFile; fileRef = 6804AC411D7D0FE1008DC2C4 /* kqyNavViewController.m */; };
		6804AC451D7D48A0008DC2C4 /* kqyTabBarView.m in Sources */ = {isa = PBXBuildFile; fileRef = 6804AC441D7D48A0008DC2C4 /* kqyTabBarView.m */; };
		6804AC481D7D5CD2008DC2C4 /* kqyTabBarButton.m in Sources */ = {isa = PBXBuildFile; fileRef = 6804AC471D7D5CD2008DC2C4 /* kqyTabBarButton.m */; };
/* End PBXBuildFile section */

/* Begin PBXFileReference section */
		6804ABF71D7D0BC7008DC2C4 /* 网易彩票g1.app */ = {isa = PBXFileReference; explicitFileType = wrapper.application; includeInIndex = 0; path = "网易彩票g1.app"; sourceTree = BUILT_PRODUCTS_DIR; };
		6804ABFB1D7D0BC7008DC2C4 /* main.m */ = {isa = PBXFileReference; lastKnownFileType = sourcecode.c.objc; path = main.m; sourceTree = "<group>"; };
		6804AC041D7D0BC7008DC2C4 /* Base */ = {isa = PBXFileReference; lastKnownFileType = file.storyboard; name = Base; path = Base.lproj/Main.storyboard; sourceTree = "<group>"; };
		6804AC061D7D0BC7008DC2C4 /* Assets.xcassets */ = {isa = PBXFileReference; lastKnownFileType = folder.assetcatalog; path = Assets.xcassets; sourceTree = "<group>"; };
		6804AC091D7D0BC7008DC2C4 /* Base */ = {isa = PBXFileReference; lastKnownFileType = file.storyboard; name = Base; path = Base.lproj/LaunchScreen.storyboard; sourceTree = "<group>"; };
		6804AC0B1D7D0BC7008DC2C4 /* Info.plist */ = {isa = PBXFileReference; lastKnownFileType = text.plist.xml; path = Info.plist; sourceTree = "<group>"; };
		6804AC2B1D7D0D30008DC2C4 /* AppDelegate.h */ = {isa = PBXFileReference; fileEncoding = 4; lastKnownFileType = sourcecode.c.h; path = AppDelegate.h; sourceTree = "<group>"; };
		6804AC2C1D7D0D30008DC2C4 /* AppDelegate.m */ = {isa = PBXFileReference; fileEncoding = 4; lastKnownFileType = sourcecode.c.objc; path = AppDelegate.m; sourceTree = "<group>"; };
		6804AC2E1D7D0E9F008DC2C4 /* kqyArenaViewController.h */ = {isa = PBXFileReference; fileEncoding = 4; lastKnownFileType = sourcecode.c.h; path = kqyArenaViewController.h; sourceTree = "<group>"; };
		6804AC2F1D7D0E9F008DC2C4 /* kqyArenaViewController.m */ = {isa = PBXFileReference; fileEncoding = 4; lastKnownFileType = sourcecode.c.objc; path = kqyArenaViewController.m; sourceTree = "<group>"; };
		6804AC311D7D0EC5008DC2C4 /* kqyDiscoveryViewController.h */ = {isa = PBXFileReference; fileEncoding = 4; lastKnownFileType = sourcecode.c.h; path = kqyDiscoveryViewController.h; sourceTree = "<group>"; };
		6804AC321D7D0EC5008DC2C4 /* kqyDiscoveryViewController.m */ = {isa = PBXFileReference; fileEncoding = 4; lastKnownFileType = sourcecode.c.objc; path = kqyDiscoveryViewController.m; sourceTree = "<group>"; };
		6804AC341D7D0EDD008DC2C4 /* kqyHistoryViewController.h */ = {isa = PBXFileReference; fileEncoding = 4; lastKnownFileType = sourcecode.c.h; path = kqyHistoryViewController.h; sourceTree = "<group>"; };
		6804AC351D7D0EDD008DC2C4 /* kqyHistoryViewController.m */ = {isa = PBXFileReference; fileEncoding = 4; lastKnownFileType = sourcecode.c.objc; path = kqyHistoryViewController.m; sourceTree = "<group>"; };
		6804AC371D7D0EFA008DC2C4 /* kqyHallViewController.h */ = {isa = PBXFileReference; fileEncoding = 4; lastKnownFileType = sourcecode.c.h; path = kqyHallViewController.h; sourceTree = "<group>"; };
		6804AC381D7D0EFA008DC2C4 /* kqyHallViewController.m */ = {isa = PBXFileReference; fileEncoding = 4; lastKnownFileType = sourcecode.c.objc; path = kqyHallViewController.m; sourceTree = "<group>"; };
		6804AC3A1D7D0F17008DC2C4 /* kqyMyLotteryViewController.h */ = {isa = PBXFileReference; fileEncoding = 4; lastKnownFileType = sourcecode.c.h; path = kqyMyLotteryViewController.h; sourceTree = "<group>"; };
		6804AC3B1D7D0F17008DC2C4 /* kqyMyLotteryViewController.m */ = {isa = PBXFileReference; fileEncoding = 4; lastKnownFileType = sourcecode.c.objc; path = kqyMyLotteryViewController.m; sourceTree = "<group>"; };
		6804AC3D1D7D0FCE008DC2C4 /* kqyTabBarViewController.h */ = {isa = PBXFileReference; fileEncoding = 4; lastKnownFileType = sourcecode.c.h; path = kqyTabBarViewController.h; sourceTree = "<group>"; };
		6804AC3E1D7D0FCE008DC2C4 /* kqyTabBarViewController.m */ = {isa = PBXFileReference; fileEncoding = 4; lastKnownFileType = sourcecode.c.objc; path = kqyTabBarViewController.m; sourceTree = "<group>"; };
		6804AC401D7D0FE1008DC2C4 /* kqyNavViewController.h */ = {isa = PBXFileReference; fileEncoding = 4; lastKnownFileType = sourcecode.c.h; path = kqyNavViewController.h; sourceTree = "<group>"; };
		6804AC411D7D0FE1008DC2C4 /* kqyNavViewController.m */ = {isa = PBXFileReference; fileEncoding = 4; lastKnownFileType = sourcecode.c.objc; path = kqyNavViewController.m; sourceTree = "<group>"; };
		6804AC431D7D48A0008DC2C4 /* kqyTabBarView.h */ = {isa = PBXFileReference; fileEncoding = 4; lastKnownFileType = sourcecode.c.h; path = kqyTabBarView.h; sourceTree = "<group>"; };
		6804AC441D7D48A0008DC2C4 /* kqyTabBarView.m */ = {isa = PBXFileReference; fileEncoding = 4; lastKnownFileType = sourcecode.c.objc; path = kqyTabBarView.m; sourceTree = "<group>"; };
		6804AC461D7D5CD2008DC2C4 /* kqyTabBarButton.h */ = {isa = PBXFileReference; fileEncoding = 4; lastKnownFileType = sourcecode.c.h; path = kqyTabBarButton.h; sourceTree = "<group>"; };
		6804AC471D7D5CD2008DC2C4 /* kqyTabBarButton.m */ = {isa = PBXFileReference; fileEncoding = 4; lastKnownFileType = sourcecode.c.objc; path = kqyTabBarButton.m; sourceTree = "<group>"; };
/* End PBXFileReference section */

/* Begin PBXFrameworksBuildPhase section */
		6804ABF41D7D0BC7008DC2C4 /* Frameworks */ = {
			isa = PBXFrameworksBuildPhase;
			buildActionMask = 2147483647;
			files = (
			);
			runOnlyForDeploymentPostprocessing = 0;
		};
/* End PBXFrameworksBuildPhase section */

/* Begin PBXGroup section */
		6804ABEE1D7D0BC7008DC2C4 = {
			isa = PBXGroup;
			children = (
				6804ABF91D7D0BC7008DC2C4 /* 网易彩票g1 */,
				6804ABF81D7D0BC7008DC2C4 /* Products */,
			);
			sourceTree = "<group>";
		};
		6804ABF81D7D0BC7008DC2C4 /* Products */ = {
			isa = PBXGroup;
			children = (
				6804ABF71D7D0BC7008DC2C4 /* 网易彩票g1.app */,
			);
			name = Products;
			sourceTree = "<group>";
		};
		6804ABF91D7D0BC7008DC2C4 /* 网易彩票g1 */ = {
			isa = PBXGroup;
			children = (
				6804AC111D7D0D30008DC2C4 /* Classes */,
				6804AC061D7D0BC7008DC2C4 /* Assets.xcassets */,
				6804AC081D7D0BC7008DC2C4 /* LaunchScreen.storyboard */,
				6804AC031D7D0BC7008DC2C4 /* Main.storyboard */,
				6804AC0B1D7D0BC7008DC2C4 /* Info.plist */,
				6804ABFA1D7D0BC7008DC2C4 /* Supporting Files */,
			);
			path = "网易彩票g1";
			sourceTree = "<group>";
		};
		6804ABFA1D7D0BC7008DC2C4 /* Supporting Files */ = {
			isa = PBXGroup;
			children = (
				6804ABFB1D7D0BC7008DC2C4 /* main.m */,
			);
			name = "Supporting Files";
			sourceTree = "<group>";
		};
		6804AC111D7D0D30008DC2C4 /* Classes */ = {
			isa = PBXGroup;
			children = (
				6804AC121D7D0D30008DC2C4 /* Arena */,
				6804AC161D7D0D30008DC2C4 /* Discover */,
				6804AC1A1D7D0D30008DC2C4 /* History */,
				6804AC1E1D7D0D30008DC2C4 /* LotteryHall */,
				6804AC261D7D0D30008DC2C4 /* MyLottery */,
				6804AC221D7D0D30008DC2C4 /* Main */,
				6804AC2A1D7D0D30008DC2C4 /* others */,
			);
			path = Classes;
			sourceTree = "<group>";
		};
		6804AC121D7D0D30008DC2C4 /* Arena */ = {
			isa = PBXGroup;
			children = (
				6804AC131D7D0D30008DC2C4 /* Controllers */,
				6804AC141D7D0D30008DC2C4 /* Models */,
				6804AC151D7D0D30008DC2C4 /* Views */,
			);
			path = Arena;
			sourceTree = "<group>";
		};
		6804AC131D7D0D30008DC2C4 /* Controllers */ = {
			isa = PBXGroup;
			children = (
				6804AC2E1D7D0E9F008DC2C4 /* kqyArenaViewController.h */,
				6804AC2F1D7D0E9F008DC2C4 /* kqyArenaViewController.m */,
			);
			path = Controllers;
			sourceTree = "<group>";
		};
		6804AC141D7D0D30008DC2C4 /* Models */ = {
			isa = PBXGroup;
			children = (
			);
			path = Models;
			sourceTree = "<group>";
		};
		6804AC151D7D0D30008DC2C4 /* Views */ = {
			isa = PBXGroup;
			children = (
			);
			path = Views;
			sourceTree = "<group>";
		};
		6804AC161D7D0D30008DC2C4 /* Discover */ = {
			isa = PBXGroup;
			children = (
				6804AC171D7D0D30008DC2C4 /* Controllers */,
				6804AC181D7D0D30008DC2C4 /* Models */,
				6804AC191D7D0D30008DC2C4 /* Views */,
			);
			path = Discover;
			sourceTree = "<group>";
		};
		6804AC171D7D0D30008DC2C4 /* Controllers */ = {
			isa = PBXGroup;
			children = (
				6804AC311D7D0EC5008DC2C4 /* kqyDiscoveryViewController.h */,
				6804AC321D7D0EC5008DC2C4 /* kqyDiscoveryViewController.m */,
			);
			path = Controllers;
			sourceTree = "<group>";
		};
		6804AC181D7D0D30008DC2C4 /* Models */ = {
			isa = PBXGroup;
			children = (
			);
			path = Models;
			sourceTree = "<group>";
		};
		6804AC191D7D0D30008DC2C4 /* Views */ = {
			isa = PBXGroup;
			children = (
			);
			path = Views;
			sourceTree = "<group>";
		};
		6804AC1A1D7D0D30008DC2C4 /* History */ = {
			isa = PBXGroup;
			children = (
				6804AC1B1D7D0D30008DC2C4 /* Controllers */,
				6804AC1C1D7D0D30008DC2C4 /* Models */,
				6804AC1D1D7D0D30008DC2C4 /* Views */,
			);
			path = History;
			sourceTree = "<group>";
		};
		6804AC1B1D7D0D30008DC2C4 /* Controllers */ = {
			isa = PBXGroup;
			children = (
				6804AC341D7D0EDD008DC2C4 /* kqyHistoryViewController.h */,
				6804AC351D7D0EDD008DC2C4 /* kqyHistoryViewController.m */,
			);
			path = Controllers;
			sourceTree = "<group>";
		};
		6804AC1C1D7D0D30008DC2C4 /* Models */ = {
			isa = PBXGroup;
			children = (
			);
			path = Models;
			sourceTree = "<group>";
		};
		6804AC1D1D7D0D30008DC2C4 /* Views */ = {
			isa = PBXGroup;
			children = (
			);
			path = Views;
			sourceTree = "<group>";
		};
		6804AC1E1D7D0D30008DC2C4 /* LotteryHall */ = {
			isa = PBXGroup;
			children = (
				6804AC1F1D7D0D30008DC2C4 /* Controllers */,
				6804AC201D7D0D30008DC2C4 /* Models */,
				6804AC211D7D0D30008DC2C4 /* Views */,
			);
			path = LotteryHall;
			sourceTree = "<group>";
		};
		6804AC1F1D7D0D30008DC2C4 /* Controllers */ = {
			isa = PBXGroup;
			children = (
				6804AC371D7D0EFA008DC2C4 /* kqyHallViewController.h */,
				6804AC381D7D0EFA008DC2C4 /* kqyHallViewController.m */,
			);
			path = Controllers;
			sourceTree = "<group>";
		};
		6804AC201D7D0D30008DC2C4 /* Models */ = {
			isa = PBXGroup;
			children = (
			);
			path = Models;
			sourceTree = "<group>";
		};
		6804AC211D7D0D30008DC2C4 /* Views */ = {
			isa = PBXGroup;
			children = (
			);
			path = Views;
			sourceTree = "<group>";
		};
		6804AC221D7D0D30008DC2C4 /* Main */ = {
			isa = PBXGroup;
			children = (
				6804AC231D7D0D30008DC2C4 /* Controllers */,
				6804AC241D7D0D30008DC2C4 /* Models */,
				6804AC251D7D0D30008DC2C4 /* Views */,
			);
			path = Main;
			sourceTree = "<group>";
		};
		6804AC231D7D0D30008DC2C4 /* Controllers */ = {
			isa = PBXGroup;
			children = (
				6804AC3D1D7D0FCE008DC2C4 /* kqyTabBarViewController.h */,
				6804AC3E1D7D0FCE008DC2C4 /* kqyTabBarViewController.m */,
				6804AC401D7D0FE1008DC2C4 /* kqyNavViewController.h */,
				6804AC411D7D0FE1008DC2C4 /* kqyNavViewController.m */,
			);
			path = Controllers;
			sourceTree = "<group>";
		};
		6804AC241D7D0D30008DC2C4 /* Models */ = {
			isa = PBXGroup;
			children = (
			);
			path = Models;
			sourceTree = "<group>";
		};
		6804AC251D7D0D30008DC2C4 /* Views */ = {
			isa = PBXGroup;
			children = (
				6804AC431D7D48A0008DC2C4 /* kqyTabBarView.h */,
				6804AC441D7D48A0008DC2C4 /* kqyTabBarView.m */,
				6804AC461D7D5CD2008DC2C4 /* kqyTabBarButton.h */,
				6804AC471D7D5CD2008DC2C4 /* kqyTabBarButton.m */,
			);
			path = Views;
			sourceTree = "<group>";
		};
		6804AC261D7D0D30008DC2C4 /* MyLottery */ = {
			isa = PBXGroup;
			children = (
				6804AC271D7D0D30008DC2C4 /* Controllers */,
				6804AC281D7D0D30008DC2C4 /* Models */,
				6804AC291D7D0D30008DC2C4 /* Views */,
			);
			path = MyLottery;
			sourceTree = "<group>";
		};
		6804AC271D7D0D30008DC2C4 /* Controllers */ = {
			isa = PBXGroup;
			children = (
				6804AC3A1D7D0F17008DC2C4 /* kqyMyLotteryViewController.h */,
				6804AC3B1D7D0F17008DC2C4 /* kqyMyLotteryViewController.m */,
			);
			path = Controllers;
			sourceTree = "<group>";
		};
		6804AC281D7D0D30008DC2C4 /* Models */ = {
			isa = PBXGroup;
			children = (
			);
			path = Models;
			sourceTree = "<group>";
		};
		6804AC291D7D0D30008DC2C4 /* Views */ = {
			isa = PBXGroup;
			children = (
			);
			path = Views;
			sourceTree = "<group>";
		};
		6804AC2A1D7D0D30008DC2C4 /* others */ = {
			isa = PBXGroup;
			children = (
				6804AC2B1D7D0D30008DC2C4 /* AppDelegate.h */,
				6804AC2C1D7D0D30008DC2C4 /* AppDelegate.m */,
			);
			path = others;
			sourceTree = "<group>";
		};
/* End PBXGroup section */

/* Begin PBXNativeTarget section */
		6804ABF61D7D0BC7008DC2C4 /* 网易彩票g1 */ = {
			isa = PBXNativeTarget;
			buildConfigurationList = 6804AC0E1D7D0BC7008DC2C4 /* Build configuration list for PBXNativeTarget "网易彩票g1" */;
			buildPhases = (
				6804ABF31D7D0BC7008DC2C4 /* Sources */,
				6804ABF41D7D0BC7008DC2C4 /* Frameworks */,
				6804ABF51D7D0BC7008DC2C4 /* Resources */,
			);
			buildRules = (
			);
			dependencies = (
			);
			name = "网易彩票g1";
			productName = "网易彩票g1";
			productReference = 6804ABF71D7D0BC7008DC2C4 /* 网易彩票g1.app */;
			productType = "com.apple.product-type.application";
		};
/* End PBXNativeTarget section */

/* Begin PBXProject section */
		6804ABEF1D7D0BC7008DC2C4 /* Project object */ = {
			isa = PBXProject;
			attributes = {
				CLASSPREFIX = kqy;
				LastUpgradeCheck = 0720;
				ORGANIZATIONNAME = kqy;
				TargetAttributes = {
					6804ABF61D7D0BC7008DC2C4 = {
						CreatedOnToolsVersion = 7.2;
					};
				};
			};
			buildConfigurationList = 6804ABF21D7D0BC7008DC2C4 /* Build configuration list for PBXProject "网易彩票g1" */;
			compatibilityVersion = "Xcode 3.2";
			developmentRegion = English;
			hasScannedForEncodings = 0;
			knownRegions = (
				en,
				Base,
			);
			mainGroup = 6804ABEE1D7D0BC7008DC2C4;
			productRefGroup = 6804ABF81D7D0BC7008DC2C4 /* Products */;
			projectDirPath = "";
			projectRoot = "";
			targets = (
				6804ABF61D7D0BC7008DC2C4 /* 网易彩票g1 */,
			);
		};
/* End PBXProject section */

/* Begin PBXResourcesBuildPhase section */
		6804ABF51D7D0BC7008DC2C4 /* Resources */ = {
			isa = PBXResourcesBuildPhase;
			buildActionMask = 2147483647;
			files = (
				6804AC0A1D7D0BC7008DC2C4 /* LaunchScreen.storyboard in Resources */,
				6804AC071D7D0BC7008DC2C4 /* Assets.xcassets in Resources */,
				6804AC051D7D0BC7008DC2C4 /* Main.storyboard in Resources */,
			);
			runOnlyForDeploymentPostprocessing = 0;
		};
/* End PBXResourcesBuildPhase section */

/* Begin PBXSourcesBuildPhase section */
		6804ABF31D7D0BC7008DC2C4 /* Sources */ = {
			isa = PBXSourcesBuildPhase;
			buildActionMask = 2147483647;
			files = (
				6804AC2D1D7D0D30008DC2C4 /* AppDelegate.m in Sources */,
				6804AC421D7D0FE1008DC2C4 /* kqyNavViewController.m in Sources */,
				6804ABFC1D7D0BC7008DC2C4 /* main.m in Sources */,
				6804AC301D7D0E9F008DC2C4 /* kqyArenaViewController.m in Sources */,
				6804AC361D7D0EDD008DC2C4 /* kqyHistoryViewController.m in Sources */,
				6804AC3F1D7D0FCE008DC2C4 /* kqyTabBarViewController.m in Sources */,
				6804AC451D7D48A0008DC2C4 /* kqyTabBarView.m in Sources */,
				6804AC481D7D5CD2008DC2C4 /* kqyTabBarButton.m in Sources */,
				6804AC331D7D0EC5008DC2C4 /* kqyDiscoveryViewController.m in Sources */,
				6804AC391D7D0EFA008DC2C4 /* kqyHallViewController.m in Sources */,
				6804AC3C1D7D0F17008DC2C4 /* kqyMyLotteryViewController.m in Sources */,
			);
			runOnlyForDeploymentPostprocessing = 0;
		};
/* End PBXSourcesBuildPhase section */

/* Begin PBXVariantGroup section */
		6804AC031D7D0BC7008DC2C4 /* Main.storyboard */ = {
			isa = PBXVariantGroup;
			children = (
				6804AC041D7D0BC7008DC2C4 /* Base */,
			);
			name = Main.storyboard;
			sourceTree = "<group>";
		};
		6804AC081D7D0BC7008DC2C4 /* LaunchScreen.storyboard */ = {
			isa = PBXVariantGroup;
			children = (
				6804AC091D7D0BC7008DC2C4 /* Base */,
			);
			name = LaunchScreen.storyboard;
			sourceTree = "<group>";
		};
/* End PBXVariantGroup section */

/* Begin XCBuildConfiguration section */
		6804AC0C1D7D0BC7008DC2C4 /* Debug */ = {
			isa = XCBuildConfiguration;
			buildSettings = {
				ALWAYS_SEARCH_USER_PATHS = NO;
				CLANG_CXX_LANGUAGE_STANDARD = "gnu++0x";
				CLANG_CXX_LIBRARY = "libc++";
				CLANG_ENABLE_MODULES = YES;
				CLANG_ENABLE_OBJC_ARC = YES;
				CLANG_WARN_BOOL_CONVERSION = YES;
				CLANG_WARN_CONSTANT_CONVERSION = YES;
				CLANG_WARN_DIRECT_OBJC_ISA_USAGE = YES_ERROR;
				CLANG_WARN_EMPTY_BODY = YES;
				CLANG_WARN_ENUM_CONVERSION = YES;
				CLANG_WARN_INT_CONVERSION = YES;
				CLANG_WARN_OBJC_ROOT_CLASS = YES_ERROR;
				CLANG_WARN_UNREACHABLE_CODE = YES;
				CLANG_WARN__DUPLICATE_METHOD_MATCH = YES;
				"CODE_SIGN_IDENTITY[sdk=iphoneos*]" = "iPhone Developer";
				COPY_PHASE_STRIP = NO;
				DEBUG_INFORMATION_FORMAT = dwarf;
				ENABLE_STRICT_OBJC_MSGSEND = YES;
				ENABLE_TESTABILITY = YES;
				GCC_C_LANGUAGE_STANDARD = gnu99;
				GCC_DYNAMIC_NO_PIC = NO;
				GCC_NO_COMMON_BLOCKS = YES;
				GCC_OPTIMIZATION_LEVEL = 0;
				GCC_PREPROCESSOR_DEFINITIONS = (
					"DEBUG=1",
					"$(inherited)",
				);
				GCC_WARN_64_TO_32_BIT_CONVERSION = YES;
				GCC_WARN_ABOUT_RETURN_TYPE = YES_ERROR;
				GCC_WARN_UNDECLARED_SELECTOR = YES;
				GCC_WARN_UNINITIALIZED_AUTOS = YES_AGGRESSIVE;
				GCC_WARN_UNUSED_FUNCTION = YES;
				GCC_WARN_UNUSED_VARIABLE = YES;
				IPHONEOS_DEPLOYMENT_TARGET = 9.2;
				MTL_ENABLE_DEBUG_INFO = YES;
				ONLY_ACTIVE_ARCH = YES;
				SDKROOT = iphoneos;
			};
			name = Debug;
		};
		6804AC0D1D7D0BC7008DC2C4 /* Release */ = {
			isa = XCBuildConfiguration;
			buildSettings = {
				ALWAYS_SEARCH_USER_PATHS = NO;
				CLANG_CXX_LANGUAGE_STANDARD = "gnu++0x";
				CLANG_CXX_LIBRARY = "libc++";
				CLANG_ENABLE_MODULES = YES;
				CLANG_ENABLE_OBJC_ARC = YES;
				CLANG_WARN_BOOL_CONVERSION = YES;
				CLANG_WARN_CONSTANT_CONVERSION = YES;
				CLANG_WARN_DIRECT_OBJC_ISA_USAGE = YES_ERROR;
				CLANG_WARN_EMPTY_BODY = YES;
				CLANG_WARN_ENUM_CONVERSION = YES;
				CLANG_WARN_INT_CONVERSION = YES;
				CLANG_WARN_OBJC_ROOT_CLASS = YES_ERROR;
				CLANG_WARN_UNREACHABLE_CODE = YES;
				CLANG_WARN__DUPLICATE_METHOD_MATCH = YES;
				"CODE_SIGN_IDENTITY[sdk=iphoneos*]" = "iPhone Developer";
				COPY_PHASE_STRIP = NO;
				DEBUG_INFORMATION_FORMAT = "dwarf-with-dsym";
				ENABLE_NS_ASSERTIONS = NO;
				ENABLE_STRICT_OBJC_MSGSEND = YES;
				GCC_C_LANGUAGE_STANDARD = gnu99;
				GCC_NO_COMMON_BLOCKS = YES;
				GCC_WARN_64_TO_32_BIT_CONVERSION = YES;
				GCC_WARN_ABOUT_RETURN_TYPE = YES_ERROR;
				GCC_WARN_UNDECLARED_SELECTOR = YES;
				GCC_WARN_UNINITIALIZED_AUTOS = YES_AGGRESSIVE;
				GCC_WARN_UNUSED_FUNCTION = YES;
				GCC_WARN_UNUSED_VARIABLE = YES;
				IPHONEOS_DEPLOYMENT_TARGET = 9.2;
				MTL_ENABLE_DEBUG_INFO = NO;
				SDKROOT = iphoneos;
				VALIDATE_PRODUCT = YES;
			};
			name = Release;
		};
		6804AC0F1D7D0BC7008DC2C4 /* Debug */ = {
			isa = XCBuildConfiguration;
			buildSettings = {
				ASSETCATALOG_COMPILER_APPICON_NAME = AppIcon;
				INFOPLIST_FILE = "网易彩票g1/Info.plist";
				LD_RUNPATH_SEARCH_PATHS = "$(inherited) @executable_path/Frameworks";
				PRODUCT_BUNDLE_IDENTIFIER = "hust.----g1";
				PRODUCT_NAME = "$(TARGET_NAME)";
			};
			name = Debug;
		};
		6804AC101D7D0BC7008DC2C4 /* Release */ = {
			isa = XCBuildConfiguration;
			buildSettings = {
				ASSETCATALOG_COMPILER_APPICON_NAME = AppIcon;
				INFOPLIST_FILE = "网易彩票g1/Info.plist";
				LD_RUNPATH_SEARCH_PATHS = "$(inherited) @executable_path/Frameworks";
				PRODUCT_BUNDLE_IDENTIFIER = "hust.----g1";
				PRODUCT_NAME = "$(TARGET_NAME)";
			};
			name = Release;
		};
/* End XCBuildConfiguration section */

/* Begin XCConfigurationList section */
		6804ABF21D7D0BC7008DC2C4 /* Build configuration list for PBXProject "网易彩票g1" */ = {
			isa = XCConfigurationList;
			buildConfigurations = (
				6804AC0C1D7D0BC7008DC2C4 /* Debug */,
				6804AC0D1D7D0BC7008DC2C4 /* Release */,
			);
			defaultConfigurationIsVisible = 0;
			defaultConfigurationName = Release;
		};
		6804AC0E1D7D0BC7008DC2C4 /* Build configuration list for PBXNativeTarget "网易彩票g1" */ = {
			isa = XCConfigurationList;
			buildConfigurations = (
				6804AC0F1D7D0BC7008DC2C4 /* Debug */,
				6804AC101D7D0BC7008DC2C4 /* Release */,
			);
			defaultConfigurationIsVisible = 0;
		};
/* End XCConfigurationList section */
	};
	rootObject = 6804ABEF1D7D0BC7008DC2C4 /* Project object */;
}
